// !$*UTF8*$!
{
	archiveVersion = 1;
	classes = {
	};
	objectVersion = 46;
	objects = {

/* Begin PBXBuildFile section */
		9A49A3BF1C87D9FD002BA279 /* main.m in Sources */ = {isa = PBXBuildFile; fileRef = 9A49A3BE1C87D9FD002BA279 /* main.m */; };
		9A49A3C21C87D9FD002BA279 /* AppDelegate.m in Sources */ = {isa = PBXBuildFile; fileRef = 9A49A3C11C87D9FD002BA279 /* AppDelegate.m */; };
		9A49A3C51C87D9FD002BA279 /* ViewController.m in Sources */ = {isa = PBXBuildFile; fileRef = 9A49A3C41C87D9FD002BA279 /* ViewController.m */; };
		9A49A3C81C87D9FD002BA279 /* Main.storyboard in Resources */ = {isa = PBXBuildFile; fileRef = 9A49A3C61C87D9FD002BA279 /* Main.storyboard */; };
		9A49A3CB1C87D9FD002BA279 /* TrySingleViewApplication.xcdatamodeld in Sources */ = {isa = PBXBuildFile; fileRef = 9A49A3C91C87D9FD002BA279 /* TrySingleViewApplication.xcdatamodeld */; };
		9A49A3CD1C87D9FD002BA279 /* Assets.xcassets in Resources */ = {isa = PBXBuildFile; fileRef = 9A49A3CC1C87D9FD002BA279 /* Assets.xcassets */; };
		9A49A3D01C87D9FD002BA279 /* LaunchScreen.storyboard in Resources */ = {isa = PBXBuildFile; fileRef = 9A49A3CE1C87D9FD002BA279 /* LaunchScreen.storyboard */; };
		9A49A3DB1C87D9FD002BA279 /* TrySingleViewApplicationTests.m in Sources */ = {isa = PBXBuildFile; fileRef = 9A49A3DA1C87D9FD002BA279 /* TrySingleViewApplicationTests.m */; };
		9A49A3E61C87D9FD002BA279 /* TrySingleViewApplicationUITests.m in Sources */ = {isa = PBXBuildFile; fileRef = 9A49A3E51C87D9FD002BA279 /* TrySingleViewApplicationUITests.m */; };
/* End PBXBuildFile section */

/* Begin PBXContainerItemProxy section */
		9A49A3D71C87D9FD002BA279 /* PBXContainerItemProxy */ = {
			isa = PBXContainerItemProxy;
			containerPortal = 9A49A3B21C87D9FD002BA279 /* Project object */;
			proxyType = 1;
			remoteGlobalIDString = 9A49A3B91C87D9FD002BA279;
			remoteInfo = TrySingleViewApplication;
		};
		9A49A3E21C87D9FD002BA279 /* PBXContainerItemProxy */ = {
			isa = PBXContainerItemProxy;
			containerPortal = 9A49A3B21C87D9FD002BA279 /* Project object */;
			proxyType = 1;
			remoteGlobalIDString = 9A49A3B91C87D9FD002BA279;
			remoteInfo = TrySingleViewApplication;
		};
/* End PBXContainerItemProxy section */

/* Begin PBXFileReference section */
		9A49A3BA1C87D9FD002BA279 /* TrySingleViewApplication.app */ = {isa = PBXFileReference; explicitFileType = wrapper.application; includeInIndex = 0; path = TrySingleViewApplication.app; sourceTree = BUILT_PRODUCTS_DIR; };
		9A49A3BE1C87D9FD002BA279 /* main.m */ = {isa = PBXFileReference; lastKnownFileType = sourcecode.c.objc; path = main.m; sourceTree = "<group>"; };
		9A49A3C01C87D9FD002BA279 /* AppDelegate.h */ = {isa = PBXFileReference; lastKnownFileType = sourcecode.c.h; path = AppDelegate.h; sourceTree = "<group>"; };
		9A49A3C11C87D9FD002BA279 /* AppDelegate.m */ = {isa = PBXFileReference; lastKnownFileType = sourcecode.c.objc; path = AppDelegate.m; sourceTree = "<group>"; };
		9A49A3C31C87D9FD002BA279 /* ViewController.h */ = {isa = PBXFileReference; lastKnownFileType = sourcecode.c.h; path = ViewController.h; sourceTree = "<group>"; };
		9A49A3C41C87D9FD002BA279 /* ViewController.m */ = {isa = PBXFileReference; lastKnownFileType = sourcecode.c.objc; path = ViewController.m; sourceTree = "<group>"; };
		9A49A3C71C87D9FD002BA279 /* Base */ = {isa = PBXFileReference; lastKnownFileType = file.storyboard; name = Base; path = Base.lproj/Main.storyboard; sourceTree = "<group>"; };
		9A49A3CA1C87D9FD002BA279 /* TrySingleViewApplication.xcdatamodel */ = {isa = PBXFileReference; lastKnownFileType = wrapper.xcdatamodel; path = TrySingleViewApplication.xcdatamodel; sourceTree = "<group>"; };
		9A49A3CC1C87D9FD002BA279 /* Assets.xcassets */ = {isa = PBXFileReference; lastKnownFileType = folder.assetcatalog; path = Assets.xcassets; sourceTree = "<group>"; };
		9A49A3CF1C87D9FD002BA279 /* Base */ = {isa = PBXFileReference; lastKnownFileType = file.storyboard; name = Base; path = Base.lproj/LaunchScreen.storyboard; sourceTree = "<group>"; };
		9A49A3D11C87D9FD002BA279 /* Info.plist */ = {isa = PBXFileReference; lastKnownFileType = text.plist.xml; path = Info.plist; sourceTree = "<group>"; };
		9A49A3D61C87D9FD002BA279 /* TrySingleViewApplicationTests.xctest */ = {isa = PBXFileReference; explicitFileType = wrapper.cfbundle; includeInIndex = 0; path = TrySingleViewApplicationTests.xctest; sourceTree = BUILT_PRODUCTS_DIR; };
		9A49A3DA1C87D9FD002BA279 /* TrySingleViewApplicationTests.m */ = {isa = PBXFileReference; lastKnownFileType = sourcecode.c.objc; path = TrySingleViewApplicationTests.m; sourceTree = "<group>"; };
		9A49A3DC1C87D9FD002BA279 /* Info.plist */ = {isa = PBXFileReference; lastKnownFileType = text.plist.xml; path = Info.plist; sourceTree = "<group>"; };
		9A49A3E11C87D9FD002BA279 /* TrySingleViewApplicationUITests.xctest */ = {isa = PBXFileReference; explicitFileType = wrapper.cfbundle; includeInIndex = 0; path = TrySingleViewApplicationUITests.xctest; sourceTree = BUILT_PRODUCTS_DIR; };
		9A49A3E51C87D9FD002BA279 /* TrySingleViewApplicationUITests.m */ = {isa = PBXFileReference; lastKnownFileType = sourcecode.c.objc; path = TrySingleViewApplicationUITests.m; sourceTree = "<group>"; };
		9A49A3E71C87D9FD002BA279 /* Info.plist */ = {isa = PBXFileReference; lastKnownFileType = text.plist.xml; path = Info.plist; sourceTree = "<group>"; };
/* End PBXFileReference section */

/* Begin PBXFrameworksBuildPhase section */
		9A49A3B71C87D9FD002BA279 /* Frameworks */ = {
			isa = PBXFrameworksBuildPhase;
			buildActionMask = 2147483647;
			files = (
			);
			runOnlyForDeploymentPostprocessing = 0;
		};
		9A49A3D31C87D9FD002BA279 /* Frameworks */ = {
			isa = PBXFrameworksBuildPhase;
			buildActionMask = 2147483647;
			files = (
			);
			runOnlyForDeploymentPostprocessing = 0;
		};
		9A49A3DE1C87D9FD002BA279 /* Frameworks */ = {
			isa = PBXFrameworksBuildPhase;
			buildActionMask = 2147483647;
			files = (
			);
			runOnlyForDeploymentPostprocessing = 0;
		};
/* End PBXFrameworksBuildPhase section */

/* Begin PBXGroup section */
		9A49A3B11C87D9FD002BA279 = {
			isa = PBXGroup;
			children = (
				9A49A3BC1C87D9FD002BA279 /* TrySingleViewApplication */,
				9A49A3D91C87D9FD002BA279 /* TrySingleViewApplicationTests */,
				9A49A3E41C87D9FD002BA279 /* TrySingleViewApplicationUITests */,
				9A49A3BB1C87D9FD002BA279 /* Products */,
			);
			sourceTree = "<group>";
		};
		9A49A3BB1C87D9FD002BA279 /* Products */ = {
			isa = PBXGroup;
			children = (
				9A49A3BA1C87D9FD002BA279 /* TrySingleViewApplication.app */,
				9A49A3D61C87D9FD002BA279 /* TrySingleViewApplicationTests.xctest */,
				9A49A3E11C87D9FD002BA279 /* TrySingleViewApplicationUITests.xctest */,
			);
			name = Products;
			sourceTree = "<group>";
		};
		9A49A3BC1C87D9FD002BA279 /* TrySingleViewApplication */ = {
			isa = PBXGroup;
			children = (
				9A49A3C01C87D9FD002BA279 /* AppDelegate.h */,
				9A49A3C11C87D9FD002BA279 /* AppDelegate.m */,
				9A49A3C31C87D9FD002BA279 /* ViewController.h */,
				9A49A3C41C87D9FD002BA279 /* ViewController.m */,
				9A49A3C61C87D9FD002BA279 /* Main.storyboard */,
				9A49A3CC1C87D9FD002BA279 /* Assets.xcassets */,
				9A49A3CE1C87D9FD002BA279 /* LaunchScreen.storyboard */,
				9A49A3D11C87D9FD002BA279 /* Info.plist */,
				9A49A3C91C87D9FD002BA279 /* TrySingleViewApplication.xcdatamodeld */,
				9A49A3BD1C87D9FD002BA279 /* Supporting Files */,
			);
			path = TrySingleViewApplication;
			sourceTree = "<group>";
		};
		9A49A3BD1C87D9FD002BA279 /* Supporting Files */ = {
			isa = PBXGroup;
			children = (
				9A49A3BE1C87D9FD002BA279 /* main.m */,
			);
			name = "Supporting Files";
			sourceTree = "<group>";
		};
		9A49A3D91C87D9FD002BA279 /* TrySingleViewApplicationTests */ = {
			isa = PBXGroup;
			children = (
				9A49A3DA1C87D9FD002BA279 /* TrySingleViewApplicationTests.m */,
				9A49A3DC1C87D9FD002BA279 /* Info.plist */,
			);
			path = TrySingleViewApplicationTests;
			sourceTree = "<group>";
		};
		9A49A3E41C87D9FD002BA279 /* TrySingleViewApplicationUITests */ = {
			isa = PBXGroup;
			children = (
				9A49A3E51C87D9FD002BA279 /* TrySingleViewApplicationUITests.m */,
				9A49A3E71C87D9FD002BA279 /* Info.plist */,
			);
			path = TrySingleViewApplicationUITests;
			sourceTree = "<group>";
		};
/* End PBXGroup section */

/* Begin PBXNativeTarget section */
		9A49A3B91C87D9FD002BA279 /* TrySingleViewApplication */ = {
			isa = PBXNativeTarget;
			buildConfigurationList = 9A49A3EA1C87D9FD002BA279 /* Build configuration list for PBXNativeTarget "TrySingleViewApplication" */;
			buildPhases = (
				9A49A3B61C87D9FD002BA279 /* Sources */,
				9A49A3B71C87D9FD002BA279 /* Frameworks */,
				9A49A3B81C87D9FD002BA279 /* Resources */,
			);
			buildRules = (
			);
			dependencies = (
			);
			name = TrySingleViewApplication;
			productName = TrySingleViewApplication;
			productReference = 9A49A3BA1C87D9FD002BA279 /* TrySingleViewApplication.app */;
			productType = "com.apple.product-type.application";
		};
		9A49A3D51C87D9FD002BA279 /* TrySingleViewApplicationTests */ = {
			isa = PBXNativeTarget;
			buildConfigurationList = 9A49A3ED1C87D9FD002BA279 /* Build configuration list for PBXNativeTarget "TrySingleViewApplicationTests" */;
			buildPhases = (
				9A49A3D21C87D9FD002BA279 /* Sources */,
				9A49A3D31C87D9FD002BA279 /* Frameworks */,
				9A49A3D41C87D9FD002BA279 /* Resources */,
			);
			buildRules = (
			);
			dependencies = (
				9A49A3D81C87D9FD002BA279 /* PBXTargetDependency */,
			);
			name = TrySingleViewApplicationTests;
			productName = TrySingleViewApplicationTests;
			productReference = 9A49A3D61C87D9FD002BA279 /* TrySingleViewApplicationTests.xctest */;
			productType = "com.apple.product-type.bundle.unit-test";
		};
		9A49A3E01C87D9FD002BA279 /* TrySingleViewApplicationUITests */ = {
			isa = PBXNativeTarget;
			buildConfigurationList = 9A49A3F01C87D9FD002BA279 /* Build configuration list for PBXNativeTarget "TrySingleViewApplicationUITests" */;
			buildPhases = (
				9A49A3DD1C87D9FD002BA279 /* Sources */,
				9A49A3DE1C87D9FD002BA279 /* Frameworks */,
				9A49A3DF1C87D9FD002BA279 /* Resources */,
			);
			buildRules = (
			);
			dependencies = (
				9A49A3E31C87D9FD002BA279 /* PBXTargetDependency */,
			);
			name = TrySingleViewApplicationUITests;
			productName = TrySingleViewApplicationUITests;
			productReference = 9A49A3E11C87D9FD002BA279 /* TrySingleViewApplicationUITests.xctest */;
			productType = "com.apple.product-type.bundle.ui-testing";
		};
/* End PBXNativeTarget section */

/* Begin PBXProject section */
		9A49A3B21C87D9FD002BA279 /* Project object */ = {
			isa = PBXProject;
			attributes = {
				LastUpgradeCheck = 0720;
				ORGANIZATIONNAME = YaoxinZhuo;
				TargetAttributes = {
					9A49A3B91C87D9FD002BA279 = {
						CreatedOnToolsVersion = 7.2.1;
					};
					9A49A3D51C87D9FD002BA279 = {
						CreatedOnToolsVersion = 7.2.1;
						TestTargetID = 9A49A3B91C87D9FD002BA279;
					};
					9A49A3E01C87D9FD002BA279 = {
						CreatedOnToolsVersion = 7.2.1;
						TestTargetID = 9A49A3B91C87D9FD002BA279;
					};
				};
			};
			buildConfigurationList = 9A49A3B51C87D9FD002BA279 /* Build configuration list for PBXProject "TrySingleViewApplication" */;
			compatibilityVersion = "Xcode 3.2";
			developmentRegion = English;
			hasScannedForEncodings = 0;
			knownRegions = (
				en,
				Base,
			);
			mainGroup = 9A49A3B11C87D9FD002BA279;
			productRefGroup = 9A49A3BB1C87D9FD002BA279 /* Products */;
			projectDirPath = "";
			projectRoot = "";
			targets = (
				9A49A3B91C87D9FD002BA279 /* TrySingleViewApplication */,
				9A49A3D51C87D9FD002BA279 /* TrySingleViewApplicationTests */,
				9A49A3E01C87D9FD002BA279 /* TrySingleViewApplicationUITests */,
			);
		};
/* End PBXProject section */

/* Begin PBXResourcesBuildPhase section */
		9A49A3B81C87D9FD002BA279 /* Resources */ = {
			isa = PBXResourcesBuildPhase;
			buildActionMask = 2147483647;
			files = (
				9A49A3D01C87D9FD002BA279 /* LaunchScreen.storyboard in Resources */,
				9A49A3CD1C87D9FD002BA279 /* Assets.xcassets in Resources */,
				9A49A3C81C87D9FD002BA279 /* Main.storyboard in Resources */,
			);
			runOnlyForDeploymentPostprocessing = 0;
		};
		9A49A3D41C87D9FD002BA279 /* Resources */ = {
			isa = PBXResourcesBuildPhase;
			buildActionMask = 2147483647;
			files = (
			);
			runOnlyForDeploymentPostprocessing = 0;
		};
		9A49A3DF1C87D9FD002BA279 /* Resources */ = {
			isa = PBXResourcesBuildPhase;
			buildActionMask = 2147483647;
			files = (
			);
			runOnlyForDeploymentPostprocessing = 0;
		};
/* End PBXResourcesBuildPhase section */

/* Begin PBXSourcesBuildPhase section */
		9A49A3B61C87D9FD002BA279 /* Sources */ = {
			isa = PBXSourcesBuildPhase;
			buildActionMask = 2147483647;
			files = (
				9A49A3C51C87D9FD002BA279 /* ViewController.m in Sources */,
				9A49A3CB1C87D9FD002BA279 /* TrySingleViewApplication.xcdatamodeld in Sources */,
				9A49A3C21C87D9FD002BA279 /* AppDelegate.m in Sources */,
				9A49A3BF1C87D9FD002BA279 /* main.m in Sources */,
			);
			runOnlyForDeploymentPostprocessing = 0;
		};
		9A49A3D21C87D9FD002BA279 /* Sources */ = {
			isa = PBXSourcesBuildPhase;
			buildActionMask = 2147483647;
			files = (
				9A49A3DB1C87D9FD002BA279 /* TrySingleViewApplicationTests.m in Sources */,
			);
			runOnlyForDeploymentPostprocessing = 0;
		};
		9A49A3DD1C87D9FD002BA279 /* Sources */ = {
			isa = PBXSourcesBuildPhase;
			buildActionMask = 2147483647;
			files = (
				9A49A3E61C87D9FD002BA279 /* TrySingleViewApplicationUITests.m in Sources */,
			);
			runOnlyForDeploymentPostprocessing = 0;
		};
/* End PBXSourcesBuildPhase section */

/* Begin PBXTargetDependency section */
		9A49A3D81C87D9FD002BA279 /* PBXTargetDependency */ = {
			isa = PBXTargetDependency;
			target = 9A49A3B91C87D9FD002BA279 /* TrySingleViewApplication */;
			targetProxy = 9A49A3D71C87D9FD002BA279 /* PBXContainerItemProxy */;
		};
		9A49A3E31C87D9FD002BA279 /* PBXTargetDependency */ = {
			isa = PBXTargetDependency;
			target = 9A49A3B91C87D9FD002BA279 /* TrySingleViewApplication */;
			targetProxy = 9A49A3E21C87D9FD002BA279 /* PBXContainerItemProxy */;
		};
/* End PBXTargetDependency section */

/* Begin PBXVariantGroup section */
		9A49A3C61C87D9FD002BA279 /* Main.storyboard */ = {
			isa = PBXVariantGroup;
			children = (
				9A49A3C71C87D9FD002BA279 /* Base */,
			);
			name = Main.storyboard;
			sourceTree = "<group>";
		};
		9A49A3CE1C87D9FD002BA279 /* LaunchScreen.storyboard */ = {
			isa = PBXVariantGroup;
			children = (
				9A49A3CF1C87D9FD002BA279 /* Base */,
			);
			name = LaunchScreen.storyboard;
			sourceTree = "<group>";
		};
/* End PBXVariantGroup section */

/* Begin XCBuildConfiguration section */
		9A49A3E81C87D9FD002BA279 /* Debug */ = {
			isa = XCBuildConfiguration;
			buildSettings = {
				ALWAYS_SEARCH_USER_PATHS = NO;
				CLANG_CXX_LANGUAGE_STANDARD = "gnu++0x";
				CLANG_CXX_LIBRARY = "libc++";
				CLANG_ENABLE_MODULES = YES;
				CLANG_ENABLE_OBJC_ARC = YES;
				CLANG_WARN_BOOL_CONVERSION = YES;
				CLANG_WARN_CONSTANT_CONVERSION = YES;
				CLANG_WARN_DIRECT_OBJC_ISA_USAGE = YES_ERROR;
				CLANG_WARN_EMPTY_BODY = YES;
				CLANG_WARN_ENUM_CONVERSION = YES;
				CLANG_WARN_INT_CONVERSION = YES;
				CLANG_WARN_OBJC_ROOT_CLASS = YES_ERROR;
				CLANG_WARN_UNREACHABLE_CODE = YES;
				CLANG_WARN__DUPLICATE_METHOD_MATCH = YES;
				"CODE_SIGN_IDENTITY[sdk=iphoneos*]" = "iPhone Developer";
				COPY_PHASE_STRIP = NO;
				DEBUG_INFORMATION_FORMAT = dwarf;
				ENABLE_STRICT_OBJC_MSGSEND = YES;
				ENABLE_TESTABILITY = YES;
				GCC_C_LANGUAGE_STANDARD = gnu99;
				GCC_DYNAMIC_NO_PIC = NO;
				GCC_NO_COMMON_BLOCKS = YES;
				GCC_OPTIMIZATION_LEVEL = 0;
				GCC_PREPROCESSOR_DEFINITIONS = (
					"DEBUG=1",
					"$(inherited)",
				);
				GCC_WARN_64_TO_32_BIT_CONVERSION = YES;
				GCC_WARN_ABOUT_RETURN_TYPE = YES_ERROR;
				GCC_WARN_UNDECLARED_SELECTOR = YES;
				GCC_WARN_UNINITIALIZED_AUTOS = YES_AGGRESSIVE;
				GCC_WARN_UNUSED_FUNCTION = YES;
				GCC_WARN_UNUSED_VARIABLE = YES;
				IPHONEOS_DEPLOYMENT_TARGET = 9.2;
				MTL_ENABLE_DEBUG_INFO = YES;
				ONLY_ACTIVE_ARCH = YES;
				SDKROOT = iphoneos;
				TARGETED_DEVICE_FAMILY = "1,2";
			};
			name = Debug;
		};
		9A49A3E91C87D9FD002BA279 /* Release */ = {
			isa = XCBuildConfiguration;
			buildSettings = {
				ALWAYS_SEARCH_USER_PATHS = NO;
				CLANG_CXX_LANGUAGE_STANDARD = "gnu++0x";
				CLANG_CXX_LIBRARY = "libc++";
				CLANG_ENABLE_MODULES = YES;
				CLANG_ENABLE_OBJC_ARC = YES;
				CLANG_WARN_BOOL_CONVERSION = YES;
				CLANG_WARN_CONSTANT_CONVERSION = YES;
				CLANG_WARN_DIRECT_OBJC_ISA_USAGE = YES_ERROR;
				CLANG_WARN_EMPTY_BODY = YES;
				CLANG_WARN_ENUM_CONVERSION = YES;
				CLANG_WARN_INT_CONVERSION = YES;
				CLANG_WARN_OBJC_ROOT_CLASS = YES_ERROR;
				CLANG_WARN_UNREACHABLE_CODE = YES;
				CLANG_WARN__DUPLICATE_METHOD_MATCH = YES;
				"CODE_SIGN_IDENTITY[sdk=iphoneos*]" = "iPhone Developer";
				COPY_PHASE_STRIP = NO;
				DEBUG_INFORMATION_FORMAT = "dwarf-with-dsym";
				ENABLE_NS_ASSERTIONS = NO;
				ENABLE_STRICT_OBJC_MSGSEND = YES;
				GCC_C_LANGUAGE_STANDARD = gnu99;
				GCC_NO_COMMON_BLOCKS = YES;
				GCC_WARN_64_TO_32_BIT_CONVERSION = YES;
				GCC_WARN_ABOUT_RETURN_TYPE = YES_ERROR;
				GCC_WARN_UNDECLARED_SELECTOR = YES;
				GCC_WARN_UNINITIALIZED_AUTOS = YES_AGGRESSIVE;
				GCC_WARN_UNUSED_FUNCTION = YES;
				GCC_WARN_UNUSED_VARIABLE = YES;
				IPHONEOS_DEPLOYMENT_TARGET = 9.2;
				MTL_ENABLE_DEBUG_INFO = NO;
				SDKROOT = iphoneos;
				TARGETED_DEVICE_FAMILY = "1,2";
				VALIDATE_PRODUCT = YES;
			};
			name = Release;
		};
		9A49A3EB1C87D9FD002BA279 /* Debug */ = {
			isa = XCBuildConfiguration;
			buildSettings = {
				ASSETCATALOG_COMPILER_APPICON_NAME = AppIcon;
				INFOPLIST_FILE = TrySingleViewApplication/Info.plist;
				LD_RUNPATH_SEARCH_PATHS = "$(inherited) @executable_path/Frameworks";
				PRODUCT_BUNDLE_IDENTIFIER = YaoxinZhuo.TrySingleViewApplication;
				PRODUCT_NAME = "$(TARGET_NAME)";
				TARGETED_DEVICE_FAMILY = 1;
			};
			name = Debug;
		};
		9A49A3EC1C87D9FD002BA279 /* Release */ = {
			isa = XCBuildConfiguration;
			buildSettings = {
				ASSETCATALOG_COMPILER_APPICON_NAME = AppIcon;
				INFOPLIST_FILE = TrySingleViewApplication/Info.plist;
				LD_RUNPATH_SEARCH_PATHS = "$(inherited) @executable_path/Frameworks";
				PRODUCT_BUNDLE_IDENTIFIER = YaoxinZhuo.TrySingleViewApplication;
				PRODUCT_NAME = "$(TARGET_NAME)";
				TARGETED_DEVICE_FAMILY = 1;
			};
			name = Release;
		};
		9A49A3EE1C87D9FD002BA279 /* Debug */ = {
			isa = XCBuildConfiguration;
			buildSettings = {
				BUNDLE_LOADER = "$(TEST_HOST)";
				INFOPLIST_FILE = TrySingleViewApplicationTests/Info.plist;
				LD_RUNPATH_SEARCH_PATHS = "$(inherited) @executable_path/Frameworks @loader_path/Frameworks";
				PRODUCT_BUNDLE_IDENTIFIER = YaoxinZhuo.TrySingleViewApplicationTests;
				PRODUCT_NAME = "$(TARGET_NAME)";
				TEST_HOST = "$(BUILT_PRODUCTS_DIR)/TrySingleViewApplication.app/TrySingleViewApplication";
			};
			name = Debug;
		};
		9A49A3EF1C87D9FD002BA279 /* Release */ = {
			isa = XCBuildConfiguration;
			buildSettings = {
				BUNDLE_LOADER = "$(TEST_HOST)";
				INFOPLIST_FILE = TrySingleViewApplicationTests/Info.plist;
				LD_RUNPATH_SEARCH_PATHS = "$(inherited) @executable_path/Frameworks @loader_path/Frameworks";
				PRODUCT_BUNDLE_IDENTIFIER = YaoxinZhuo.TrySingleViewApplicationTests;
				PRODUCT_NAME = "$(TARGET_NAME)";
				TEST_HOST = "$(BUILT_PRODUCTS_DIR)/TrySingleViewApplication.app/TrySingleViewApplication";
			};
			name = Release;
		};
		9A49A3F11C87D9FD002BA279 /* Debug */ = {
			isa = XCBuildConfiguration;
			buildSettings = {
				INFOPLIST_FILE = TrySingleViewApplicationUITests/Info.plist;
				LD_RUNPATH_SEARCH_PATHS = "$(inherited) @executable_path/Frameworks @loader_path/Frameworks";
				PRODUCT_BUNDLE_IDENTIFIER = YaoxinZhuo.TrySingleViewApplicationUITests;
				PRODUCT_NAME = "$(TARGET_NAME)";
				TEST_TARGET_NAME = TrySingleViewApplication;
				USES_XCTRUNNER = YES;
			};
			name = Debug;
		};
		9A49A3F21C87D9FD002BA279 /* Release */ = {
			isa = XCBuildConfiguration;
			buildSettings = {
				INFOPLIST_FILE = TrySingleViewApplicationUITests/Info.plist;
				LD_RUNPATH_SEARCH_PATHS = "$(inherited) @executable_path/Frameworks @loader_path/Frameworks";
				PRODUCT_BUNDLE_IDENTIFIER = YaoxinZhuo.TrySingleViewApplicationUITests;
				PRODUCT_NAME = "$(TARGET_NAME)";
				TEST_TARGET_NAME = TrySingleViewApplication;
				USES_XCTRUNNER = YES;
			};
			name = Release;
		};
/* End XCBuildConfiguration section */

/* Begin XCConfigurationList section */
		9A49A3B51C87D9FD002BA279 /* Build configuration list for PBXProject "TrySingleViewApplication" */ = {
			isa = XCConfigurationList;
			buildConfigurations = (
				9A49A3E81C87D9FD002BA279 /* Debug */,
				9A49A3E91C87D9FD002BA279 /* Release */,
			);
			defaultConfigurationIsVisible = 0;
			defaultConfigurationName = Release;
		};
		9A49A3EA1C87D9FD002BA279 /* Build configuration list for PBXNativeTarget "TrySingleViewApplication" */ = {
			isa = XCConfigurationList;
			buildConfigurations = (
				9A49A3EB1C87D9FD002BA279 /* Debug */,
				9A49A3EC1C87D9FD002BA279 /* Release */,
			);
			defaultConfigurationIsVisible = 0;
		};
		9A49A3ED1C87D9FD002BA279 /* Build configuration list for PBXNativeTarget "TrySingleViewApplicationTests" */ = {
			isa = XCConfigurationList;
			buildConfigurations = (
				9A49A3EE1C87D9FD002BA279 /* Debug */,
				9A49A3EF1C87D9FD002BA279 /* Release */,
			);
			defaultConfigurationIsVisible = 0;
		};
		9A49A3F01C87D9FD002BA279 /* Build configuration list for PBXNativeTarget "TrySingleViewApplicationUITests" */ = {
			isa = XCConfigurationList;
			buildConfigurations = (
				9A49A3F11C87D9FD002BA279 /* Debug */,
				9A49A3F21C87D9FD002BA279 /* Release */,
			);
			defaultConfigurationIsVisible = 0;
		};
/* End XCConfigurationList section */

/* Begin XCVersionGroup section */
		9A49A3C91C87D9FD002BA279 /* TrySingleViewApplication.xcdatamodeld */ = {
			isa = XCVersionGroup;
			children = (
				9A49A3CA1C87D9FD002BA279 /* TrySingleViewApplication.xcdatamodel */,
			);
			currentVersion = 9A49A3CA1C87D9FD002BA279 /* TrySingleViewApplication.xcdatamodel */;
			path = TrySingleViewApplication.xcdatamodeld;
			sourceTree = "<group>";
			versionGroupType = wrapper.xcdatamodel;
		};
/* End XCVersionGroup section */
	};
	rootObject = 9A49A3B21C87D9FD002BA279 /* Project object */;
}
