// !$*UTF8*$!
{
	archiveVersion = 1;
	classes = {
	};
	objectVersion = 46;
	objects = {

/* Begin PBXBuildFile section */
		9A9D7E751CA90A3A00A394CF /* main.m in Sources */ = {isa = PBXBuildFile; fileRef = 9A9D7E741CA90A3A00A394CF /* main.m */; };
		9A9D7E781CA90A3A00A394CF /* AppDelegate.m in Sources */ = {isa = PBXBuildFile; fileRef = 9A9D7E771CA90A3A00A394CF /* AppDelegate.m */; };
		9A9D7E7B1CA90A3A00A394CF /* ViewController.m in Sources */ = {isa = PBXBuildFile; fileRef = 9A9D7E7A1CA90A3A00A394CF /* ViewController.m */; };
		9A9D7E7E1CA90A3A00A394CF /* Main.storyboard in Resources */ = {isa = PBXBuildFile; fileRef = 9A9D7E7C1CA90A3A00A394CF /* Main.storyboard */; };
		9A9D7E801CA90A3A00A394CF /* Assets.xcassets in Resources */ = {isa = PBXBuildFile; fileRef = 9A9D7E7F1CA90A3A00A394CF /* Assets.xcassets */; };
		9A9D7E831CA90A3A00A394CF /* LaunchScreen.storyboard in Resources */ = {isa = PBXBuildFile; fileRef = 9A9D7E811CA90A3A00A394CF /* LaunchScreen.storyboard */; };
/* End PBXBuildFile section */

/* Begin PBXFileReference section */
		9A9D7E701CA90A3A00A394CF /* Switch_Slider_SegmentedControlSample.app */ = {isa = PBXFileReference; explicitFileType = wrapper.application; includeInIndex = 0; path = Switch_Slider_SegmentedControlSample.app; sourceTree = BUILT_PRODUCTS_DIR; };
		9A9D7E741CA90A3A00A394CF /* main.m */ = {isa = PBXFileReference; lastKnownFileType = sourcecode.c.objc; path = main.m; sourceTree = "<group>"; };
		9A9D7E761CA90A3A00A394CF /* AppDelegate.h */ = {isa = PBXFileReference; lastKnownFileType = sourcecode.c.h; path = AppDelegate.h; sourceTree = "<group>"; };
		9A9D7E771CA90A3A00A394CF /* AppDelegate.m */ = {isa = PBXFileReference; lastKnownFileType = sourcecode.c.objc; path = AppDelegate.m; sourceTree = "<group>"; };
		9A9D7E791CA90A3A00A394CF /* ViewController.h */ = {isa = PBXFileReference; lastKnownFileType = sourcecode.c.h; path = ViewController.h; sourceTree = "<group>"; };
		9A9D7E7A1CA90A3A00A394CF /* ViewController.m */ = {isa = PBXFileReference; lastKnownFileType = sourcecode.c.objc; path = ViewController.m; sourceTree = "<group>"; };
		9A9D7E7D1CA90A3A00A394CF /* Base */ = {isa = PBXFileReference; lastKnownFileType = file.storyboard; name = Base; path = Base.lproj/Main.storyboard; sourceTree = "<group>"; };
		9A9D7E7F1CA90A3A00A394CF /* Assets.xcassets */ = {isa = PBXFileReference; lastKnownFileType = folder.assetcatalog; path = Assets.xcassets; sourceTree = "<group>"; };
		9A9D7E821CA90A3A00A394CF /* Base */ = {isa = PBXFileReference; lastKnownFileType = file.storyboard; name = Base; path = Base.lproj/LaunchScreen.storyboard; sourceTree = "<group>"; };
		9A9D7E841CA90A3A00A394CF /* Info.plist */ = {isa = PBXFileReference; lastKnownFileType = text.plist.xml; path = Info.plist; sourceTree = "<group>"; };
/* End PBXFileReference section */

/* Begin PBXFrameworksBuildPhase section */
		9A9D7E6D1CA90A3A00A394CF /* Frameworks */ = {
			isa = PBXFrameworksBuildPhase;
			buildActionMask = 2147483647;
			files = (
			);
			runOnlyForDeploymentPostprocessing = 0;
		};
/* End PBXFrameworksBuildPhase section */

/* Begin PBXGroup section */
		9A9D7E671CA90A3A00A394CF = {
			isa = PBXGroup;
			children = (
				9A9D7E721CA90A3A00A394CF /* Switch_Slider_SegmentedControlSample */,
				9A9D7E711CA90A3A00A394CF /* Products */,
			);
			sourceTree = "<group>";
		};
		9A9D7E711CA90A3A00A394CF /* Products */ = {
			isa = PBXGroup;
			children = (
				9A9D7E701CA90A3A00A394CF /* Switch_Slider_SegmentedControlSample.app */,
			);
			name = Products;
			sourceTree = "<group>";
		};
		9A9D7E721CA90A3A00A394CF /* Switch_Slider_SegmentedControlSample */ = {
			isa = PBXGroup;
			children = (
				9A9D7E761CA90A3A00A394CF /* AppDelegate.h */,
				9A9D7E771CA90A3A00A394CF /* AppDelegate.m */,
				9A9D7E791CA90A3A00A394CF /* ViewController.h */,
				9A9D7E7A1CA90A3A00A394CF /* ViewController.m */,
				9A9D7E7C1CA90A3A00A394CF /* Main.storyboard */,
				9A9D7E7F1CA90A3A00A394CF /* Assets.xcassets */,
				9A9D7E811CA90A3A00A394CF /* LaunchScreen.storyboard */,
				9A9D7E841CA90A3A00A394CF /* Info.plist */,
				9A9D7E731CA90A3A00A394CF /* Supporting Files */,
			);
			path = Switch_Slider_SegmentedControlSample;
			sourceTree = "<group>";
		};
		9A9D7E731CA90A3A00A394CF /* Supporting Files */ = {
			isa = PBXGroup;
			children = (
				9A9D7E741CA90A3A00A394CF /* main.m */,
			);
			name = "Supporting Files";
			sourceTree = "<group>";
		};
/* End PBXGroup section */

/* Begin PBXNativeTarget section */
		9A9D7E6F1CA90A3A00A394CF /* Switch_Slider_SegmentedControlSample */ = {
			isa = PBXNativeTarget;
			buildConfigurationList = 9A9D7E871CA90A3A00A394CF /* Build configuration list for PBXNativeTarget "Switch_Slider_SegmentedControlSample" */;
			buildPhases = (
				9A9D7E6C1CA90A3A00A394CF /* Sources */,
				9A9D7E6D1CA90A3A00A394CF /* Frameworks */,
				9A9D7E6E1CA90A3A00A394CF /* Resources */,
			);
			buildRules = (
			);
			dependencies = (
			);
			name = Switch_Slider_SegmentedControlSample;
			productName = Switch_Slider_SegmentedControlSample;
			productReference = 9A9D7E701CA90A3A00A394CF /* Switch_Slider_SegmentedControlSample.app */;
			productType = "com.apple.product-type.application";
		};
/* End PBXNativeTarget section */

/* Begin PBXProject section */
		9A9D7E681CA90A3A00A394CF /* Project object */ = {
			isa = PBXProject;
			attributes = {
				LastUpgradeCheck = 0730;
				ORGANIZATIONNAME = YaoxinZhuo;
				TargetAttributes = {
					9A9D7E6F1CA90A3A00A394CF = {
						CreatedOnToolsVersion = 7.3;
					};
				};
			};
			buildConfigurationList = 9A9D7E6B1CA90A3A00A394CF /* Build configuration list for PBXProject "Switch_Slider_SegmentedControlSample" */;
			compatibilityVersion = "Xcode 3.2";
			developmentRegion = English;
			hasScannedForEncodings = 0;
			knownRegions = (
				en,
				Base,
			);
			mainGroup = 9A9D7E671CA90A3A00A394CF;
			productRefGroup = 9A9D7E711CA90A3A00A394CF /* Products */;
			projectDirPath = "";
			projectRoot = "";
			targets = (
				9A9D7E6F1CA90A3A00A394CF /* Switch_Slider_SegmentedControlSample */,
			);
		};
/* End PBXProject section */

/* Begin PBXResourcesBuildPhase section */
		9A9D7E6E1CA90A3A00A394CF /* Resources */ = {
			isa = PBXResourcesBuildPhase;
			buildActionMask = 2147483647;
			files = (
				9A9D7E831CA90A3A00A394CF /* LaunchScreen.storyboard in Resources */,
				9A9D7E801CA90A3A00A394CF /* Assets.xcassets in Resources */,
				9A9D7E7E1CA90A3A00A394CF /* Main.storyboard in Resources */,
			);
			runOnlyForDeploymentPostprocessing = 0;
		};
/* End PBXResourcesBuildPhase section */

/* Begin PBXSourcesBuildPhase section */
		9A9D7E6C1CA90A3A00A394CF /* Sources */ = {
			isa = PBXSourcesBuildPhase;
			buildActionMask = 2147483647;
			files = (
				9A9D7E7B1CA90A3A00A394CF /* ViewController.m in Sources */,
				9A9D7E781CA90A3A00A394CF /* AppDelegate.m in Sources */,
				9A9D7E751CA90A3A00A394CF /* main.m in Sources */,
			);
			runOnlyForDeploymentPostprocessing = 0;
		};
/* End PBXSourcesBuildPhase section */

/* Begin PBXVariantGroup section */
		9A9D7E7C1CA90A3A00A394CF /* Main.storyboard */ = {
			isa = PBXVariantGroup;
			children = (
				9A9D7E7D1CA90A3A00A394CF /* Base */,
			);
			name = Main.storyboard;
			sourceTree = "<group>";
		};
		9A9D7E811CA90A3A00A394CF /* LaunchScreen.storyboard */ = {
			isa = PBXVariantGroup;
			children = (
				9A9D7E821CA90A3A00A394CF /* Base */,
			);
			name = LaunchScreen.storyboard;
			sourceTree = "<group>";
		};
/* End PBXVariantGroup section */

/* Begin XCBuildConfiguration section */
		9A9D7E851CA90A3A00A394CF /* Debug */ = {
			isa = XCBuildConfiguration;
			buildSettings = {
				ALWAYS_SEARCH_USER_PATHS = NO;
				CLANG_ANALYZER_NONNULL = YES;
				CLANG_CXX_LANGUAGE_STANDARD = "gnu++0x";
				CLANG_CXX_LIBRARY = "libc++";
				CLANG_ENABLE_MODULES = YES;
				CLANG_ENABLE_OBJC_ARC = YES;
				CLANG_WARN_BOOL_CONVERSION = YES;
				CLANG_WARN_CONSTANT_CONVERSION = YES;
				CLANG_WARN_DIRECT_OBJC_ISA_USAGE = YES_ERROR;
				CLANG_WARN_EMPTY_BODY = YES;
				CLANG_WARN_ENUM_CONVERSION = YES;
				CLANG_WARN_INT_CONVERSION = YES;
				CLANG_WARN_OBJC_ROOT_CLASS = YES_ERROR;
				CLANG_WARN_UNREACHABLE_CODE = YES;
				CLANG_WARN__DUPLICATE_METHOD_MATCH = YES;
				"CODE_SIGN_IDENTITY[sdk=iphoneos*]" = "iPhone Developer";
				COPY_PHASE_STRIP = NO;
				DEBUG_INFORMATION_FORMAT = dwarf;
				ENABLE_STRICT_OBJC_MSGSEND = YES;
				ENABLE_TESTABILITY = YES;
				GCC_C_LANGUAGE_STANDARD = gnu99;
				GCC_DYNAMIC_NO_PIC = NO;
				GCC_NO_COMMON_BLOCKS = YES;
				GCC_OPTIMIZATION_LEVEL = 0;
				GCC_PREPROCESSOR_DEFINITIONS = (
					"DEBUG=1",
					"$(inherited)",
				);
				GCC_WARN_64_TO_32_BIT_CONVERSION = YES;
				GCC_WARN_ABOUT_RETURN_TYPE = YES_ERROR;
				GCC_WARN_UNDECLARED_SELECTOR = YES;
				GCC_WARN_UNINITIALIZED_AUTOS = YES_AGGRESSIVE;
				GCC_WARN_UNUSED_FUNCTION = YES;
				GCC_WARN_UNUSED_VARIABLE = YES;
				IPHONEOS_DEPLOYMENT_TARGET = 9.3;
				MTL_ENABLE_DEBUG_INFO = YES;
				ONLY_ACTIVE_ARCH = YES;
				SDKROOT = iphoneos;
				TARGETED_DEVICE_FAMILY = "1,2";
			};
			name = Debug;
		};
		9A9D7E861CA90A3A00A394CF /* Release */ = {
			isa = XCBuildConfiguration;
			buildSettings = {
				ALWAYS_SEARCH_USER_PATHS = NO;
				CLANG_ANALYZER_NONNULL = YES;
				CLANG_CXX_LANGUAGE_STANDARD = "gnu++0x";
				CLANG_CXX_LIBRARY = "libc++";
				CLANG_ENABLE_MODULES = YES;
				CLANG_ENABLE_OBJC_ARC = YES;
				CLANG_WARN_BOOL_CONVERSION = YES;
				CLANG_WARN_CONSTANT_CONVERSION = YES;
				CLANG_WARN_DIRECT_OBJC_ISA_USAGE = YES_ERROR;
				CLANG_WARN_EMPTY_BODY = YES;
				CLANG_WARN_ENUM_CONVERSION = YES;
				CLANG_WARN_INT_CONVERSION = YES;
				CLANG_WARN_OBJC_ROOT_CLASS = YES_ERROR;
				CLANG_WARN_UNREACHABLE_CODE = YES;
				CLANG_WARN__DUPLICATE_METHOD_MATCH = YES;
				"CODE_SIGN_IDENTITY[sdk=iphoneos*]" = "iPhone Developer";
				COPY_PHASE_STRIP = NO;
				DEBUG_INFORMATION_FORMAT = "dwarf-with-dsym";
				ENABLE_NS_ASSERTIONS = NO;
				ENABLE_STRICT_OBJC_MSGSEND = YES;
				GCC_C_LANGUAGE_STANDARD = gnu99;
				GCC_NO_COMMON_BLOCKS = YES;
				GCC_WARN_64_TO_32_BIT_CONVERSION = YES;
				GCC_WARN_ABOUT_RETURN_TYPE = YES_ERROR;
				GCC_WARN_UNDECLARED_SELECTOR = YES;
				GCC_WARN_UNINITIALIZED_AUTOS = YES_AGGRESSIVE;
				GCC_WARN_UNUSED_FUNCTION = YES;
				GCC_WARN_UNUSED_VARIABLE = YES;
				IPHONEOS_DEPLOYMENT_TARGET = 9.3;
				MTL_ENABLE_DEBUG_INFO = NO;
				SDKROOT = iphoneos;
				TARGETED_DEVICE_FAMILY = "1,2";
				VALIDATE_PRODUCT = YES;
			};
			name = Release;
		};
		9A9D7E881CA90A3A00A394CF /* Debug */ = {
			isa = XCBuildConfiguration;
			buildSettings = {
				ASSETCATALOG_COMPILER_APPICON_NAME = AppIcon;
				INFOPLIST_FILE = Switch_Slider_SegmentedControlSample/Info.plist;
				LD_RUNPATH_SEARCH_PATHS = "$(inherited) @executable_path/Frameworks";
				PRODUCT_BUNDLE_IDENTIFIER = "YaoxinZhuo.Switch-Slider-SegmentedControlSample";
				PRODUCT_NAME = "$(TARGET_NAME)";
			};
			name = Debug;
		};
		9A9D7E891CA90A3A00A394CF /* Release */ = {
			isa = XCBuildConfiguration;
			buildSettings = {
				ASSETCATALOG_COMPILER_APPICON_NAME = AppIcon;
				INFOPLIST_FILE = Switch_Slider_SegmentedControlSample/Info.plist;
				LD_RUNPATH_SEARCH_PATHS = "$(inherited) @executable_path/Frameworks";
				PRODUCT_BUNDLE_IDENTIFIER = "YaoxinZhuo.Switch-Slider-SegmentedControlSample";
				PRODUCT_NAME = "$(TARGET_NAME)";
			};
			name = Release;
		};
/* End XCBuildConfiguration section */

/* Begin XCConfigurationList section */
		9A9D7E6B1CA90A3A00A394CF /* Build configuration list for PBXProject "Switch_Slider_SegmentedControlSample" */ = {
			isa = XCConfigurationList;
			buildConfigurations = (
				9A9D7E851CA90A3A00A394CF /* Debug */,
				9A9D7E861CA90A3A00A394CF /* Release */,
			);
			defaultConfigurationIsVisible = 0;
			defaultConfigurationName = Release;
		};
		9A9D7E871CA90A3A00A394CF /* Build configuration list for PBXNativeTarget "Switch_Slider_SegmentedControlSample" */ = {
			isa = XCConfigurationList;
			buildConfigurations = (
				9A9D7E881CA90A3A00A394CF /* Debug */,
				9A9D7E891CA90A3A00A394CF /* Release */,
			);
			defaultConfigurationIsVisible = 0;
		};
/* End XCConfigurationList section */
	};
	rootObject = 9A9D7E681CA90A3A00A394CF /* Project object */;
}
