// !$*UTF8*$!
{
	archiveVersion = 1;
	classes = {
	};
	objectVersion = 46;
	objects = {

/* Begin PBXBuildFile section */
		9ABA9D8C1CAE85DD00F7A4E5 /* main.m in Sources */ = {isa = PBXBuildFile; fileRef = 9ABA9D8B1CAE85DD00F7A4E5 /* main.m */; };
		9ABA9D941CAE86AB00F7A4E5 /* XYPoint.m in Sources */ = {isa = PBXBuildFile; fileRef = 9ABA9D931CAE86AB00F7A4E5 /* XYPoint.m */; };
		9ABA9D971CAE883600F7A4E5 /* Rectangle.m in Sources */ = {isa = PBXBuildFile; fileRef = 9ABA9D961CAE883600F7A4E5 /* Rectangle.m */; };
/* End PBXBuildFile section */

/* Begin PBXCopyFilesBuildPhase section */
		9ABA9D861CAE85DD00F7A4E5 /* CopyFiles */ = {
			isa = PBXCopyFilesBuildPhase;
			buildActionMask = 2147483647;
			dstPath = /usr/share/man/man1/;
			dstSubfolderSpec = 0;
			files = (
			);
			runOnlyForDeploymentPostprocessing = 1;
		};
/* End PBXCopyFilesBuildPhase section */

/* Begin PBXFileReference section */
		9ABA9D881CAE85DD00F7A4E5 /* LearnOC_inherit */ = {isa = PBXFileReference; explicitFileType = "compiled.mach-o.executable"; includeInIndex = 0; path = LearnOC_inherit; sourceTree = BUILT_PRODUCTS_DIR; };
		9ABA9D8B1CAE85DD00F7A4E5 /* main.m */ = {isa = PBXFileReference; lastKnownFileType = sourcecode.c.objc; path = main.m; sourceTree = "<group>"; };
		9ABA9D921CAE86AB00F7A4E5 /* XYPoint.h */ = {isa = PBXFileReference; fileEncoding = 4; lastKnownFileType = sourcecode.c.h; path = XYPoint.h; sourceTree = "<group>"; };
		9ABA9D931CAE86AB00F7A4E5 /* XYPoint.m */ = {isa = PBXFileReference; fileEncoding = 4; lastKnownFileType = sourcecode.c.objc; path = XYPoint.m; sourceTree = "<group>"; };
		9ABA9D951CAE883600F7A4E5 /* Rectangle.h */ = {isa = PBXFileReference; fileEncoding = 4; lastKnownFileType = sourcecode.c.h; path = Rectangle.h; sourceTree = "<group>"; };
		9ABA9D961CAE883600F7A4E5 /* Rectangle.m */ = {isa = PBXFileReference; fileEncoding = 4; lastKnownFileType = sourcecode.c.objc; path = Rectangle.m; sourceTree = "<group>"; };
/* End PBXFileReference section */

/* Begin PBXFrameworksBuildPhase section */
		9ABA9D851CAE85DD00F7A4E5 /* Frameworks */ = {
			isa = PBXFrameworksBuildPhase;
			buildActionMask = 2147483647;
			files = (
			);
			runOnlyForDeploymentPostprocessing = 0;
		};
/* End PBXFrameworksBuildPhase section */

/* Begin PBXGroup section */
		9ABA9D7F1CAE85DD00F7A4E5 = {
			isa = PBXGroup;
			children = (
				9ABA9D8A1CAE85DD00F7A4E5 /* LearnOC_inherit */,
				9ABA9D891CAE85DD00F7A4E5 /* Products */,
			);
			sourceTree = "<group>";
		};
		9ABA9D891CAE85DD00F7A4E5 /* Products */ = {
			isa = PBXGroup;
			children = (
				9ABA9D881CAE85DD00F7A4E5 /* LearnOC_inherit */,
			);
			name = Products;
			sourceTree = "<group>";
		};
		9ABA9D8A1CAE85DD00F7A4E5 /* LearnOC_inherit */ = {
			isa = PBXGroup;
			children = (
				9ABA9D8B1CAE85DD00F7A4E5 /* main.m */,
				9ABA9D921CAE86AB00F7A4E5 /* XYPoint.h */,
				9ABA9D931CAE86AB00F7A4E5 /* XYPoint.m */,
				9ABA9D951CAE883600F7A4E5 /* Rectangle.h */,
				9ABA9D961CAE883600F7A4E5 /* Rectangle.m */,
			);
			path = LearnOC_inherit;
			sourceTree = "<group>";
		};
/* End PBXGroup section */

/* Begin PBXNativeTarget section */
		9ABA9D871CAE85DD00F7A4E5 /* LearnOC_inherit */ = {
			isa = PBXNativeTarget;
			buildConfigurationList = 9ABA9D8F1CAE85DD00F7A4E5 /* Build configuration list for PBXNativeTarget "LearnOC_inherit" */;
			buildPhases = (
				9ABA9D841CAE85DD00F7A4E5 /* Sources */,
				9ABA9D851CAE85DD00F7A4E5 /* Frameworks */,
				9ABA9D861CAE85DD00F7A4E5 /* CopyFiles */,
			);
			buildRules = (
			);
			dependencies = (
			);
			name = LearnOC_inherit;
			productName = LearnOC_inherit;
			productReference = 9ABA9D881CAE85DD00F7A4E5 /* LearnOC_inherit */;
			productType = "com.apple.product-type.tool";
		};
/* End PBXNativeTarget section */

/* Begin PBXProject section */
		9ABA9D801CAE85DD00F7A4E5 /* Project object */ = {
			isa = PBXProject;
			attributes = {
				LastUpgradeCheck = 0730;
				ORGANIZATIONNAME = YaoxinZhuo;
				TargetAttributes = {
					9ABA9D871CAE85DD00F7A4E5 = {
						CreatedOnToolsVersion = 7.3;
					};
				};
			};
			buildConfigurationList = 9ABA9D831CAE85DD00F7A4E5 /* Build configuration list for PBXProject "LearnOC_inherit" */;
			compatibilityVersion = "Xcode 3.2";
			developmentRegion = English;
			hasScannedForEncodings = 0;
			knownRegions = (
				en,
			);
			mainGroup = 9ABA9D7F1CAE85DD00F7A4E5;
			productRefGroup = 9ABA9D891CAE85DD00F7A4E5 /* Products */;
			projectDirPath = "";
			projectRoot = "";
			targets = (
				9ABA9D871CAE85DD00F7A4E5 /* LearnOC_inherit */,
			);
		};
/* End PBXProject section */

/* Begin PBXSourcesBuildPhase section */
		9ABA9D841CAE85DD00F7A4E5 /* Sources */ = {
			isa = PBXSourcesBuildPhase;
			buildActionMask = 2147483647;
			files = (
				9ABA9D8C1CAE85DD00F7A4E5 /* main.m in Sources */,
				9ABA9D941CAE86AB00F7A4E5 /* XYPoint.m in Sources */,
				9ABA9D971CAE883600F7A4E5 /* Rectangle.m in Sources */,
			);
			runOnlyForDeploymentPostprocessing = 0;
		};
/* End PBXSourcesBuildPhase section */

/* Begin XCBuildConfiguration section */
		9ABA9D8D1CAE85DD00F7A4E5 /* Debug */ = {
			isa = XCBuildConfiguration;
			buildSettings = {
				ALWAYS_SEARCH_USER_PATHS = NO;
				CLANG_ANALYZER_NONNULL = YES;
				CLANG_CXX_LANGUAGE_STANDARD = "gnu++0x";
				CLANG_CXX_LIBRARY = "libc++";
				CLANG_ENABLE_MODULES = YES;
				CLANG_ENABLE_OBJC_ARC = YES;
				CLANG_WARN_BOOL_CONVERSION = YES;
				CLANG_WARN_CONSTANT_CONVERSION = YES;
				CLANG_WARN_DIRECT_OBJC_ISA_USAGE = YES_ERROR;
				CLANG_WARN_EMPTY_BODY = YES;
				CLANG_WARN_ENUM_CONVERSION = YES;
				CLANG_WARN_INT_CONVERSION = YES;
				CLANG_WARN_OBJC_ROOT_CLASS = YES_ERROR;
				CLANG_WARN_UNREACHABLE_CODE = YES;
				CLANG_WARN__DUPLICATE_METHOD_MATCH = YES;
				CODE_SIGN_IDENTITY = "-";
				COPY_PHASE_STRIP = NO;
				DEBUG_INFORMATION_FORMAT = dwarf;
				ENABLE_STRICT_OBJC_MSGSEND = YES;
				ENABLE_TESTABILITY = YES;
				GCC_C_LANGUAGE_STANDARD = gnu99;
				GCC_DYNAMIC_NO_PIC = NO;
				GCC_NO_COMMON_BLOCKS = YES;
				GCC_OPTIMIZATION_LEVEL = 0;
				GCC_PREPROCESSOR_DEFINITIONS = (
					"DEBUG=1",
					"$(inherited)",
				);
				GCC_WARN_64_TO_32_BIT_CONVERSION = YES;
				GCC_WARN_ABOUT_RETURN_TYPE = YES_ERROR;
				GCC_WARN_UNDECLARED_SELECTOR = YES;
				GCC_WARN_UNINITIALIZED_AUTOS = YES_AGGRESSIVE;
				GCC_WARN_UNUSED_FUNCTION = YES;
				GCC_WARN_UNUSED_VARIABLE = YES;
				MACOSX_DEPLOYMENT_TARGET = 10.11;
				MTL_ENABLE_DEBUG_INFO = YES;
				ONLY_ACTIVE_ARCH = YES;
				SDKROOT = macosx;
			};
			name = Debug;
		};
		9ABA9D8E1CAE85DD00F7A4E5 /* Release */ = {
			isa = XCBuildConfiguration;
			buildSettings = {
				ALWAYS_SEARCH_USER_PATHS = NO;
				CLANG_ANALYZER_NONNULL = YES;
				CLANG_CXX_LANGUAGE_STANDARD = "gnu++0x";
				CLANG_CXX_LIBRARY = "libc++";
				CLANG_ENABLE_MODULES = YES;
				CLANG_ENABLE_OBJC_ARC = YES;
				CLANG_WARN_BOOL_CONVERSION = YES;
				CLANG_WARN_CONSTANT_CONVERSION = YES;
				CLANG_WARN_DIRECT_OBJC_ISA_USAGE = YES_ERROR;
				CLANG_WARN_EMPTY_BODY = YES;
				CLANG_WARN_ENUM_CONVERSION = YES;
				CLANG_WARN_INT_CONVERSION = YES;
				CLANG_WARN_OBJC_ROOT_CLASS = YES_ERROR;
				CLANG_WARN_UNREACHABLE_CODE = YES;
				CLANG_WARN__DUPLICATE_METHOD_MATCH = YES;
				CODE_SIGN_IDENTITY = "-";
				COPY_PHASE_STRIP = NO;
				DEBUG_INFORMATION_FORMAT = "dwarf-with-dsym";
				ENABLE_NS_ASSERTIONS = NO;
				ENABLE_STRICT_OBJC_MSGSEND = YES;
				GCC_C_LANGUAGE_STANDARD = gnu99;
				GCC_NO_COMMON_BLOCKS = YES;
				GCC_WARN_64_TO_32_BIT_CONVERSION = YES;
				GCC_WARN_ABOUT_RETURN_TYPE = YES_ERROR;
				GCC_WARN_UNDECLARED_SELECTOR = YES;
				GCC_WARN_UNINITIALIZED_AUTOS = YES_AGGRESSIVE;
				GCC_WARN_UNUSED_FUNCTION = YES;
				GCC_WARN_UNUSED_VARIABLE = YES;
				MACOSX_DEPLOYMENT_TARGET = 10.11;
				MTL_ENABLE_DEBUG_INFO = NO;
				SDKROOT = macosx;
			};
			name = Release;
		};
		9ABA9D901CAE85DD00F7A4E5 /* Debug */ = {
			isa = XCBuildConfiguration;
			buildSettings = {
				PRODUCT_NAME = "$(TARGET_NAME)";
			};
			name = Debug;
		};
		9ABA9D911CAE85DD00F7A4E5 /* Release */ = {
			isa = XCBuildConfiguration;
			buildSettings = {
				PRODUCT_NAME = "$(TARGET_NAME)";
			};
			name = Release;
		};
/* End XCBuildConfiguration section */

/* Begin XCConfigurationList section */
		9ABA9D831CAE85DD00F7A4E5 /* Build configuration list for PBXProject "LearnOC_inherit" */ = {
			isa = XCConfigurationList;
			buildConfigurations = (
				9ABA9D8D1CAE85DD00F7A4E5 /* Debug */,
				9ABA9D8E1CAE85DD00F7A4E5 /* Release */,
			);
			defaultConfigurationIsVisible = 0;
			defaultConfigurationName = Release;
		};
		9ABA9D8F1CAE85DD00F7A4E5 /* Build configuration list for PBXNativeTarget "LearnOC_inherit" */ = {
			isa = XCConfigurationList;
			buildConfigurations = (
				9ABA9D901CAE85DD00F7A4E5 /* Debug */,
				9ABA9D911CAE85DD00F7A4E5 /* Release */,
			);
			defaultConfigurationIsVisible = 0;
		};
/* End XCConfigurationList section */
	};
	rootObject = 9ABA9D801CAE85DD00F7A4E5 /* Project object */;
}
