// !$*UTF8*$!
{
	archiveVersion = 1;
	classes = {
	};
	objectVersion = 46;
	objects = {

/* Begin PBXBuildFile section */
		9A6353CD1CD973E30019C749 /* main.m in Sources */ = {isa = PBXBuildFile; fileRef = 9A6353CC1CD973E30019C749 /* main.m */; };
		9A6353D51CD975AC0019C749 /* xingzhuang.m in Sources */ = {isa = PBXBuildFile; fileRef = 9A6353D41CD975AC0019C749 /* xingzhuang.m */; };
		9A6353D81CD976080019C749 /* changfangxing.m in Sources */ = {isa = PBXBuildFile; fileRef = 9A6353D71CD976080019C749 /* changfangxing.m */; };
		9A6353DB1CD9770D0019C749 /* zhengfangxing.m in Sources */ = {isa = PBXBuildFile; fileRef = 9A6353DA1CD9770D0019C749 /* zhengfangxing.m */; };
/* End PBXBuildFile section */

/* Begin PBXCopyFilesBuildPhase section */
		9A6353C71CD973E30019C749 /* CopyFiles */ = {
			isa = PBXCopyFilesBuildPhase;
			buildActionMask = 2147483647;
			dstPath = /usr/share/man/man1/;
			dstSubfolderSpec = 0;
			files = (
			);
			runOnlyForDeploymentPostprocessing = 1;
		};
/* End PBXCopyFilesBuildPhase section */

/* Begin PBXFileReference section */
		9A6353C91CD973E30019C749 /* ocFinalExam2 */ = {isa = PBXFileReference; explicitFileType = "compiled.mach-o.executable"; includeInIndex = 0; path = ocFinalExam2; sourceTree = BUILT_PRODUCTS_DIR; };
		9A6353CC1CD973E30019C749 /* main.m */ = {isa = PBXFileReference; lastKnownFileType = sourcecode.c.objc; path = main.m; sourceTree = "<group>"; };
		9A6353D31CD975AC0019C749 /* xingzhuang.h */ = {isa = PBXFileReference; fileEncoding = 4; lastKnownFileType = sourcecode.c.h; path = xingzhuang.h; sourceTree = "<group>"; };
		9A6353D41CD975AC0019C749 /* xingzhuang.m */ = {isa = PBXFileReference; fileEncoding = 4; lastKnownFileType = sourcecode.c.objc; path = xingzhuang.m; sourceTree = "<group>"; };
		9A6353D61CD976080019C749 /* changfangxing.h */ = {isa = PBXFileReference; fileEncoding = 4; lastKnownFileType = sourcecode.c.h; path = changfangxing.h; sourceTree = "<group>"; };
		9A6353D71CD976080019C749 /* changfangxing.m */ = {isa = PBXFileReference; fileEncoding = 4; lastKnownFileType = sourcecode.c.objc; path = changfangxing.m; sourceTree = "<group>"; };
		9A6353D91CD9770D0019C749 /* zhengfangxing.h */ = {isa = PBXFileReference; fileEncoding = 4; lastKnownFileType = sourcecode.c.h; path = zhengfangxing.h; sourceTree = "<group>"; };
		9A6353DA1CD9770D0019C749 /* zhengfangxing.m */ = {isa = PBXFileReference; fileEncoding = 4; lastKnownFileType = sourcecode.c.objc; path = zhengfangxing.m; sourceTree = "<group>"; };
/* End PBXFileReference section */

/* Begin PBXFrameworksBuildPhase section */
		9A6353C61CD973E30019C749 /* Frameworks */ = {
			isa = PBXFrameworksBuildPhase;
			buildActionMask = 2147483647;
			files = (
			);
			runOnlyForDeploymentPostprocessing = 0;
		};
/* End PBXFrameworksBuildPhase section */

/* Begin PBXGroup section */
		9A6353C01CD973E30019C749 = {
			isa = PBXGroup;
			children = (
				9A6353CB1CD973E30019C749 /* ocFinalExam2 */,
				9A6353CA1CD973E30019C749 /* Products */,
			);
			sourceTree = "<group>";
		};
		9A6353CA1CD973E30019C749 /* Products */ = {
			isa = PBXGroup;
			children = (
				9A6353C91CD973E30019C749 /* ocFinalExam2 */,
			);
			name = Products;
			sourceTree = "<group>";
		};
		9A6353CB1CD973E30019C749 /* ocFinalExam2 */ = {
			isa = PBXGroup;
			children = (
				9A6353CC1CD973E30019C749 /* main.m */,
				9A6353D31CD975AC0019C749 /* xingzhuang.h */,
				9A6353D41CD975AC0019C749 /* xingzhuang.m */,
				9A6353D61CD976080019C749 /* changfangxing.h */,
				9A6353D71CD976080019C749 /* changfangxing.m */,
				9A6353D91CD9770D0019C749 /* zhengfangxing.h */,
				9A6353DA1CD9770D0019C749 /* zhengfangxing.m */,
			);
			path = ocFinalExam2;
			sourceTree = "<group>";
		};
/* End PBXGroup section */

/* Begin PBXNativeTarget section */
		9A6353C81CD973E30019C749 /* ocFinalExam2 */ = {
			isa = PBXNativeTarget;
			buildConfigurationList = 9A6353D01CD973E30019C749 /* Build configuration list for PBXNativeTarget "ocFinalExam2" */;
			buildPhases = (
				9A6353C51CD973E30019C749 /* Sources */,
				9A6353C61CD973E30019C749 /* Frameworks */,
				9A6353C71CD973E30019C749 /* CopyFiles */,
			);
			buildRules = (
			);
			dependencies = (
			);
			name = ocFinalExam2;
			productName = ocFinalExam2;
			productReference = 9A6353C91CD973E30019C749 /* ocFinalExam2 */;
			productType = "com.apple.product-type.tool";
		};
/* End PBXNativeTarget section */

/* Begin PBXProject section */
		9A6353C11CD973E30019C749 /* Project object */ = {
			isa = PBXProject;
			attributes = {
				LastUpgradeCheck = 0730;
				ORGANIZATIONNAME = YaoxinZhuo;
				TargetAttributes = {
					9A6353C81CD973E30019C749 = {
						CreatedOnToolsVersion = 7.3;
					};
				};
			};
			buildConfigurationList = 9A6353C41CD973E30019C749 /* Build configuration list for PBXProject "ocFinalExam2" */;
			compatibilityVersion = "Xcode 3.2";
			developmentRegion = English;
			hasScannedForEncodings = 0;
			knownRegions = (
				en,
			);
			mainGroup = 9A6353C01CD973E30019C749;
			productRefGroup = 9A6353CA1CD973E30019C749 /* Products */;
			projectDirPath = "";
			projectRoot = "";
			targets = (
				9A6353C81CD973E30019C749 /* ocFinalExam2 */,
			);
		};
/* End PBXProject section */

/* Begin PBXSourcesBuildPhase section */
		9A6353C51CD973E30019C749 /* Sources */ = {
			isa = PBXSourcesBuildPhase;
			buildActionMask = 2147483647;
			files = (
				9A6353DB1CD9770D0019C749 /* zhengfangxing.m in Sources */,
				9A6353D51CD975AC0019C749 /* xingzhuang.m in Sources */,
				9A6353CD1CD973E30019C749 /* main.m in Sources */,
				9A6353D81CD976080019C749 /* changfangxing.m in Sources */,
			);
			runOnlyForDeploymentPostprocessing = 0;
		};
/* End PBXSourcesBuildPhase section */

/* Begin XCBuildConfiguration section */
		9A6353CE1CD973E30019C749 /* Debug */ = {
			isa = XCBuildConfiguration;
			buildSettings = {
				ALWAYS_SEARCH_USER_PATHS = NO;
				CLANG_ANALYZER_NONNULL = YES;
				CLANG_CXX_LANGUAGE_STANDARD = "gnu++0x";
				CLANG_CXX_LIBRARY = "libc++";
				CLANG_ENABLE_MODULES = YES;
				CLANG_ENABLE_OBJC_ARC = YES;
				CLANG_WARN_BOOL_CONVERSION = YES;
				CLANG_WARN_CONSTANT_CONVERSION = YES;
				CLANG_WARN_DIRECT_OBJC_ISA_USAGE = YES_ERROR;
				CLANG_WARN_EMPTY_BODY = YES;
				CLANG_WARN_ENUM_CONVERSION = YES;
				CLANG_WARN_INT_CONVERSION = YES;
				CLANG_WARN_OBJC_ROOT_CLASS = YES_ERROR;
				CLANG_WARN_UNREACHABLE_CODE = YES;
				CLANG_WARN__DUPLICATE_METHOD_MATCH = YES;
				CODE_SIGN_IDENTITY = "-";
				COPY_PHASE_STRIP = NO;
				DEBUG_INFORMATION_FORMAT = dwarf;
				ENABLE_STRICT_OBJC_MSGSEND = YES;
				ENABLE_TESTABILITY = YES;
				GCC_C_LANGUAGE_STANDARD = gnu99;
				GCC_DYNAMIC_NO_PIC = NO;
				GCC_NO_COMMON_BLOCKS = YES;
				GCC_OPTIMIZATION_LEVEL = 0;
				GCC_PREPROCESSOR_DEFINITIONS = (
					"DEBUG=1",
					"$(inherited)",
				);
				GCC_WARN_64_TO_32_BIT_CONVERSION = YES;
				GCC_WARN_ABOUT_RETURN_TYPE = YES_ERROR;
				GCC_WARN_UNDECLARED_SELECTOR = YES;
				GCC_WARN_UNINITIALIZED_AUTOS = YES_AGGRESSIVE;
				GCC_WARN_UNUSED_FUNCTION = YES;
				GCC_WARN_UNUSED_VARIABLE = YES;
				MACOSX_DEPLOYMENT_TARGET = 10.11;
				MTL_ENABLE_DEBUG_INFO = YES;
				ONLY_ACTIVE_ARCH = YES;
				SDKROOT = macosx;
			};
			name = Debug;
		};
		9A6353CF1CD973E30019C749 /* Release */ = {
			isa = XCBuildConfiguration;
			buildSettings = {
				ALWAYS_SEARCH_USER_PATHS = NO;
				CLANG_ANALYZER_NONNULL = YES;
				CLANG_CXX_LANGUAGE_STANDARD = "gnu++0x";
				CLANG_CXX_LIBRARY = "libc++";
				CLANG_ENABLE_MODULES = YES;
				CLANG_ENABLE_OBJC_ARC = YES;
				CLANG_WARN_BOOL_CONVERSION = YES;
				CLANG_WARN_CONSTANT_CONVERSION = YES;
				CLANG_WARN_DIRECT_OBJC_ISA_USAGE = YES_ERROR;
				CLANG_WARN_EMPTY_BODY = YES;
				CLANG_WARN_ENUM_CONVERSION = YES;
				CLANG_WARN_INT_CONVERSION = YES;
				CLANG_WARN_OBJC_ROOT_CLASS = YES_ERROR;
				CLANG_WARN_UNREACHABLE_CODE = YES;
				CLANG_WARN__DUPLICATE_METHOD_MATCH = YES;
				CODE_SIGN_IDENTITY = "-";
				COPY_PHASE_STRIP = NO;
				DEBUG_INFORMATION_FORMAT = "dwarf-with-dsym";
				ENABLE_NS_ASSERTIONS = NO;
				ENABLE_STRICT_OBJC_MSGSEND = YES;
				GCC_C_LANGUAGE_STANDARD = gnu99;
				GCC_NO_COMMON_BLOCKS = YES;
				GCC_WARN_64_TO_32_BIT_CONVERSION = YES;
				GCC_WARN_ABOUT_RETURN_TYPE = YES_ERROR;
				GCC_WARN_UNDECLARED_SELECTOR = YES;
				GCC_WARN_UNINITIALIZED_AUTOS = YES_AGGRESSIVE;
				GCC_WARN_UNUSED_FUNCTION = YES;
				GCC_WARN_UNUSED_VARIABLE = YES;
				MACOSX_DEPLOYMENT_TARGET = 10.11;
				MTL_ENABLE_DEBUG_INFO = NO;
				SDKROOT = macosx;
			};
			name = Release;
		};
		9A6353D11CD973E30019C749 /* Debug */ = {
			isa = XCBuildConfiguration;
			buildSettings = {
				PRODUCT_NAME = "$(TARGET_NAME)";
			};
			name = Debug;
		};
		9A6353D21CD973E30019C749 /* Release */ = {
			isa = XCBuildConfiguration;
			buildSettings = {
				PRODUCT_NAME = "$(TARGET_NAME)";
			};
			name = Release;
		};
/* End XCBuildConfiguration section */

/* Begin XCConfigurationList section */
		9A6353C41CD973E30019C749 /* Build configuration list for PBXProject "ocFinalExam2" */ = {
			isa = XCConfigurationList;
			buildConfigurations = (
				9A6353CE1CD973E30019C749 /* Debug */,
				9A6353CF1CD973E30019C749 /* Release */,
			);
			defaultConfigurationIsVisible = 0;
			defaultConfigurationName = Release;
		};
		9A6353D01CD973E30019C749 /* Build configuration list for PBXNativeTarget "ocFinalExam2" */ = {
			isa = XCConfigurationList;
			buildConfigurations = (
				9A6353D11CD973E30019C749 /* Debug */,
				9A6353D21CD973E30019C749 /* Release */,
			);
			defaultConfigurationIsVisible = 0;
		};
/* End XCConfigurationList section */
	};
	rootObject = 9A6353C11CD973E30019C749 /* Project object */;
}
