// !$*UTF8*$!
{
	archiveVersion = 1;
	classes = {
	};
	objectVersion = 46;
	objects = {

/* Begin PBXBuildFile section */
		9A7B022D1C85B119003FCACA /* main.m in Sources */ = {isa = PBXBuildFile; fileRef = 9A7B022C1C85B119003FCACA /* main.m */; };
		9A7B02301C85B119003FCACA /* AppDelegate.m in Sources */ = {isa = PBXBuildFile; fileRef = 9A7B022F1C85B119003FCACA /* AppDelegate.m */; };
		9A7B02331C85B119003FCACA /* ViewController.m in Sources */ = {isa = PBXBuildFile; fileRef = 9A7B02321C85B119003FCACA /* ViewController.m */; };
		9A7B02391C85B119003FCACA /* TryUIwithCodes.xcdatamodeld in Sources */ = {isa = PBXBuildFile; fileRef = 9A7B02371C85B119003FCACA /* TryUIwithCodes.xcdatamodeld */; };
		9A7B023B1C85B119003FCACA /* Assets.xcassets in Resources */ = {isa = PBXBuildFile; fileRef = 9A7B023A1C85B119003FCACA /* Assets.xcassets */; };
		9A7B023E1C85B119003FCACA /* LaunchScreen.storyboard in Resources */ = {isa = PBXBuildFile; fileRef = 9A7B023C1C85B119003FCACA /* LaunchScreen.storyboard */; };
		9A7B02491C85B119003FCACA /* TryUIwithCodesTests.m in Sources */ = {isa = PBXBuildFile; fileRef = 9A7B02481C85B119003FCACA /* TryUIwithCodesTests.m */; };
		9A7B02541C85B119003FCACA /* TryUIwithCodesUITests.m in Sources */ = {isa = PBXBuildFile; fileRef = 9A7B02531C85B119003FCACA /* TryUIwithCodesUITests.m */; };
/* End PBXBuildFile section */

/* Begin PBXContainerItemProxy section */
		9A7B02451C85B119003FCACA /* PBXContainerItemProxy */ = {
			isa = PBXContainerItemProxy;
			containerPortal = 9A7B02201C85B119003FCACA /* Project object */;
			proxyType = 1;
			remoteGlobalIDString = 9A7B02271C85B119003FCACA;
			remoteInfo = TryUIwithCodes;
		};
		9A7B02501C85B119003FCACA /* PBXContainerItemProxy */ = {
			isa = PBXContainerItemProxy;
			containerPortal = 9A7B02201C85B119003FCACA /* Project object */;
			proxyType = 1;
			remoteGlobalIDString = 9A7B02271C85B119003FCACA;
			remoteInfo = TryUIwithCodes;
		};
/* End PBXContainerItemProxy section */

/* Begin PBXFileReference section */
		9A7B02281C85B119003FCACA /* TryUIwithCodes.app */ = {isa = PBXFileReference; explicitFileType = wrapper.application; includeInIndex = 0; path = TryUIwithCodes.app; sourceTree = BUILT_PRODUCTS_DIR; };
		9A7B022C1C85B119003FCACA /* main.m */ = {isa = PBXFileReference; lastKnownFileType = sourcecode.c.objc; path = main.m; sourceTree = "<group>"; };
		9A7B022E1C85B119003FCACA /* AppDelegate.h */ = {isa = PBXFileReference; lastKnownFileType = sourcecode.c.h; path = AppDelegate.h; sourceTree = "<group>"; };
		9A7B022F1C85B119003FCACA /* AppDelegate.m */ = {isa = PBXFileReference; lastKnownFileType = sourcecode.c.objc; path = AppDelegate.m; sourceTree = "<group>"; };
		9A7B02311C85B119003FCACA /* ViewController.h */ = {isa = PBXFileReference; lastKnownFileType = sourcecode.c.h; path = ViewController.h; sourceTree = "<group>"; };
		9A7B02321C85B119003FCACA /* ViewController.m */ = {isa = PBXFileReference; lastKnownFileType = sourcecode.c.objc; path = ViewController.m; sourceTree = "<group>"; };
		9A7B02381C85B119003FCACA /* TryUIwithCodes.xcdatamodel */ = {isa = PBXFileReference; lastKnownFileType = wrapper.xcdatamodel; path = TryUIwithCodes.xcdatamodel; sourceTree = "<group>"; };
		9A7B023A1C85B119003FCACA /* Assets.xcassets */ = {isa = PBXFileReference; lastKnownFileType = folder.assetcatalog; path = Assets.xcassets; sourceTree = "<group>"; };
		9A7B023D1C85B119003FCACA /* Base */ = {isa = PBXFileReference; lastKnownFileType = file.storyboard; name = Base; path = Base.lproj/LaunchScreen.storyboard; sourceTree = "<group>"; };
		9A7B023F1C85B119003FCACA /* Info.plist */ = {isa = PBXFileReference; lastKnownFileType = text.plist.xml; path = Info.plist; sourceTree = "<group>"; };
		9A7B02441C85B119003FCACA /* TryUIwithCodesTests.xctest */ = {isa = PBXFileReference; explicitFileType = wrapper.cfbundle; includeInIndex = 0; path = TryUIwithCodesTests.xctest; sourceTree = BUILT_PRODUCTS_DIR; };
		9A7B02481C85B119003FCACA /* TryUIwithCodesTests.m */ = {isa = PBXFileReference; lastKnownFileType = sourcecode.c.objc; path = TryUIwithCodesTests.m; sourceTree = "<group>"; };
		9A7B024A1C85B119003FCACA /* Info.plist */ = {isa = PBXFileReference; lastKnownFileType = text.plist.xml; path = Info.plist; sourceTree = "<group>"; };
		9A7B024F1C85B119003FCACA /* TryUIwithCodesUITests.xctest */ = {isa = PBXFileReference; explicitFileType = wrapper.cfbundle; includeInIndex = 0; path = TryUIwithCodesUITests.xctest; sourceTree = BUILT_PRODUCTS_DIR; };
		9A7B02531C85B119003FCACA /* TryUIwithCodesUITests.m */ = {isa = PBXFileReference; lastKnownFileType = sourcecode.c.objc; path = TryUIwithCodesUITests.m; sourceTree = "<group>"; };
		9A7B02551C85B119003FCACA /* Info.plist */ = {isa = PBXFileReference; lastKnownFileType = text.plist.xml; path = Info.plist; sourceTree = "<group>"; };
/* End PBXFileReference section */

/* Begin PBXFrameworksBuildPhase section */
		9A7B02251C85B119003FCACA /* Frameworks */ = {
			isa = PBXFrameworksBuildPhase;
			buildActionMask = 2147483647;
			files = (
			);
			runOnlyForDeploymentPostprocessing = 0;
		};
		9A7B02411C85B119003FCACA /* Frameworks */ = {
			isa = PBXFrameworksBuildPhase;
			buildActionMask = 2147483647;
			files = (
			);
			runOnlyForDeploymentPostprocessing = 0;
		};
		9A7B024C1C85B119003FCACA /* Frameworks */ = {
			isa = PBXFrameworksBuildPhase;
			buildActionMask = 2147483647;
			files = (
			);
			runOnlyForDeploymentPostprocessing = 0;
		};
/* End PBXFrameworksBuildPhase section */

/* Begin PBXGroup section */
		9A7B021F1C85B119003FCACA = {
			isa = PBXGroup;
			children = (
				9A7B022A1C85B119003FCACA /* TryUIwithCodes */,
				9A7B02471C85B119003FCACA /* TryUIwithCodesTests */,
				9A7B02521C85B119003FCACA /* TryUIwithCodesUITests */,
				9A7B02291C85B119003FCACA /* Products */,
			);
			sourceTree = "<group>";
		};
		9A7B02291C85B119003FCACA /* Products */ = {
			isa = PBXGroup;
			children = (
				9A7B02281C85B119003FCACA /* TryUIwithCodes.app */,
				9A7B02441C85B119003FCACA /* TryUIwithCodesTests.xctest */,
				9A7B024F1C85B119003FCACA /* TryUIwithCodesUITests.xctest */,
			);
			name = Products;
			sourceTree = "<group>";
		};
		9A7B022A1C85B119003FCACA /* TryUIwithCodes */ = {
			isa = PBXGroup;
			children = (
				9A7B022E1C85B119003FCACA /* AppDelegate.h */,
				9A7B022F1C85B119003FCACA /* AppDelegate.m */,
				9A7B02311C85B119003FCACA /* ViewController.h */,
				9A7B02321C85B119003FCACA /* ViewController.m */,
				9A7B023A1C85B119003FCACA /* Assets.xcassets */,
				9A7B023C1C85B119003FCACA /* LaunchScreen.storyboard */,
				9A7B023F1C85B119003FCACA /* Info.plist */,
				9A7B02371C85B119003FCACA /* TryUIwithCodes.xcdatamodeld */,
				9A7B022B1C85B119003FCACA /* Supporting Files */,
			);
			path = TryUIwithCodes;
			sourceTree = "<group>";
		};
		9A7B022B1C85B119003FCACA /* Supporting Files */ = {
			isa = PBXGroup;
			children = (
				9A7B022C1C85B119003FCACA /* main.m */,
			);
			name = "Supporting Files";
			sourceTree = "<group>";
		};
		9A7B02471C85B119003FCACA /* TryUIwithCodesTests */ = {
			isa = PBXGroup;
			children = (
				9A7B02481C85B119003FCACA /* TryUIwithCodesTests.m */,
				9A7B024A1C85B119003FCACA /* Info.plist */,
			);
			path = TryUIwithCodesTests;
			sourceTree = "<group>";
		};
		9A7B02521C85B119003FCACA /* TryUIwithCodesUITests */ = {
			isa = PBXGroup;
			children = (
				9A7B02531C85B119003FCACA /* TryUIwithCodesUITests.m */,
				9A7B02551C85B119003FCACA /* Info.plist */,
			);
			path = TryUIwithCodesUITests;
			sourceTree = "<group>";
		};
/* End PBXGroup section */

/* Begin PBXNativeTarget section */
		9A7B02271C85B119003FCACA /* TryUIwithCodes */ = {
			isa = PBXNativeTarget;
			buildConfigurationList = 9A7B02581C85B119003FCACA /* Build configuration list for PBXNativeTarget "TryUIwithCodes" */;
			buildPhases = (
				9A7B02241C85B119003FCACA /* Sources */,
				9A7B02251C85B119003FCACA /* Frameworks */,
				9A7B02261C85B119003FCACA /* Resources */,
			);
			buildRules = (
			);
			dependencies = (
			);
			name = TryUIwithCodes;
			productName = TryUIwithCodes;
			productReference = 9A7B02281C85B119003FCACA /* TryUIwithCodes.app */;
			productType = "com.apple.product-type.application";
		};
		9A7B02431C85B119003FCACA /* TryUIwithCodesTests */ = {
			isa = PBXNativeTarget;
			buildConfigurationList = 9A7B025B1C85B119003FCACA /* Build configuration list for PBXNativeTarget "TryUIwithCodesTests" */;
			buildPhases = (
				9A7B02401C85B119003FCACA /* Sources */,
				9A7B02411C85B119003FCACA /* Frameworks */,
				9A7B02421C85B119003FCACA /* Resources */,
			);
			buildRules = (
			);
			dependencies = (
				9A7B02461C85B119003FCACA /* PBXTargetDependency */,
			);
			name = TryUIwithCodesTests;
			productName = TryUIwithCodesTests;
			productReference = 9A7B02441C85B119003FCACA /* TryUIwithCodesTests.xctest */;
			productType = "com.apple.product-type.bundle.unit-test";
		};
		9A7B024E1C85B119003FCACA /* TryUIwithCodesUITests */ = {
			isa = PBXNativeTarget;
			buildConfigurationList = 9A7B025E1C85B119003FCACA /* Build configuration list for PBXNativeTarget "TryUIwithCodesUITests" */;
			buildPhases = (
				9A7B024B1C85B119003FCACA /* Sources */,
				9A7B024C1C85B119003FCACA /* Frameworks */,
				9A7B024D1C85B119003FCACA /* Resources */,
			);
			buildRules = (
			);
			dependencies = (
				9A7B02511C85B119003FCACA /* PBXTargetDependency */,
			);
			name = TryUIwithCodesUITests;
			productName = TryUIwithCodesUITests;
			productReference = 9A7B024F1C85B119003FCACA /* TryUIwithCodesUITests.xctest */;
			productType = "com.apple.product-type.bundle.ui-testing";
		};
/* End PBXNativeTarget section */

/* Begin PBXProject section */
		9A7B02201C85B119003FCACA /* Project object */ = {
			isa = PBXProject;
			attributes = {
				LastUpgradeCheck = 0720;
				ORGANIZATIONNAME = YaoxinZhuo;
				TargetAttributes = {
					9A7B02271C85B119003FCACA = {
						CreatedOnToolsVersion = 7.2.1;
					};
					9A7B02431C85B119003FCACA = {
						CreatedOnToolsVersion = 7.2.1;
						TestTargetID = 9A7B02271C85B119003FCACA;
					};
					9A7B024E1C85B119003FCACA = {
						CreatedOnToolsVersion = 7.2.1;
						TestTargetID = 9A7B02271C85B119003FCACA;
					};
				};
			};
			buildConfigurationList = 9A7B02231C85B119003FCACA /* Build configuration list for PBXProject "TryUIwithCodes" */;
			compatibilityVersion = "Xcode 3.2";
			developmentRegion = English;
			hasScannedForEncodings = 0;
			knownRegions = (
				en,
				Base,
			);
			mainGroup = 9A7B021F1C85B119003FCACA;
			productRefGroup = 9A7B02291C85B119003FCACA /* Products */;
			projectDirPath = "";
			projectRoot = "";
			targets = (
				9A7B02271C85B119003FCACA /* TryUIwithCodes */,
				9A7B02431C85B119003FCACA /* TryUIwithCodesTests */,
				9A7B024E1C85B119003FCACA /* TryUIwithCodesUITests */,
			);
		};
/* End PBXProject section */

/* Begin PBXResourcesBuildPhase section */
		9A7B02261C85B119003FCACA /* Resources */ = {
			isa = PBXResourcesBuildPhase;
			buildActionMask = 2147483647;
			files = (
				9A7B023E1C85B119003FCACA /* LaunchScreen.storyboard in Resources */,
				9A7B023B1C85B119003FCACA /* Assets.xcassets in Resources */,
			);
			runOnlyForDeploymentPostprocessing = 0;
		};
		9A7B02421C85B119003FCACA /* Resources */ = {
			isa = PBXResourcesBuildPhase;
			buildActionMask = 2147483647;
			files = (
			);
			runOnlyForDeploymentPostprocessing = 0;
		};
		9A7B024D1C85B119003FCACA /* Resources */ = {
			isa = PBXResourcesBuildPhase;
			buildActionMask = 2147483647;
			files = (
			);
			runOnlyForDeploymentPostprocessing = 0;
		};
/* End PBXResourcesBuildPhase section */

/* Begin PBXSourcesBuildPhase section */
		9A7B02241C85B119003FCACA /* Sources */ = {
			isa = PBXSourcesBuildPhase;
			buildActionMask = 2147483647;
			files = (
				9A7B02331C85B119003FCACA /* ViewController.m in Sources */,
				9A7B02301C85B119003FCACA /* AppDelegate.m in Sources */,
				9A7B02391C85B119003FCACA /* TryUIwithCodes.xcdatamodeld in Sources */,
				9A7B022D1C85B119003FCACA /* main.m in Sources */,
			);
			runOnlyForDeploymentPostprocessing = 0;
		};
		9A7B02401C85B119003FCACA /* Sources */ = {
			isa = PBXSourcesBuildPhase;
			buildActionMask = 2147483647;
			files = (
				9A7B02491C85B119003FCACA /* TryUIwithCodesTests.m in Sources */,
			);
			runOnlyForDeploymentPostprocessing = 0;
		};
		9A7B024B1C85B119003FCACA /* Sources */ = {
			isa = PBXSourcesBuildPhase;
			buildActionMask = 2147483647;
			files = (
				9A7B02541C85B119003FCACA /* TryUIwithCodesUITests.m in Sources */,
			);
			runOnlyForDeploymentPostprocessing = 0;
		};
/* End PBXSourcesBuildPhase section */

/* Begin PBXTargetDependency section */
		9A7B02461C85B119003FCACA /* PBXTargetDependency */ = {
			isa = PBXTargetDependency;
			target = 9A7B02271C85B119003FCACA /* TryUIwithCodes */;
			targetProxy = 9A7B02451C85B119003FCACA /* PBXContainerItemProxy */;
		};
		9A7B02511C85B119003FCACA /* PBXTargetDependency */ = {
			isa = PBXTargetDependency;
			target = 9A7B02271C85B119003FCACA /* TryUIwithCodes */;
			targetProxy = 9A7B02501C85B119003FCACA /* PBXContainerItemProxy */;
		};
/* End PBXTargetDependency section */

/* Begin PBXVariantGroup section */
		9A7B023C1C85B119003FCACA /* LaunchScreen.storyboard */ = {
			isa = PBXVariantGroup;
			children = (
				9A7B023D1C85B119003FCACA /* Base */,
			);
			name = LaunchScreen.storyboard;
			sourceTree = "<group>";
		};
/* End PBXVariantGroup section */

/* Begin XCBuildConfiguration section */
		9A7B02561C85B119003FCACA /* Debug */ = {
			isa = XCBuildConfiguration;
			buildSettings = {
				ALWAYS_SEARCH_USER_PATHS = NO;
				CLANG_CXX_LANGUAGE_STANDARD = "gnu++0x";
				CLANG_CXX_LIBRARY = "libc++";
				CLANG_ENABLE_MODULES = YES;
				CLANG_ENABLE_OBJC_ARC = YES;
				CLANG_WARN_BOOL_CONVERSION = YES;
				CLANG_WARN_CONSTANT_CONVERSION = YES;
				CLANG_WARN_DIRECT_OBJC_ISA_USAGE = YES_ERROR;
				CLANG_WARN_EMPTY_BODY = YES;
				CLANG_WARN_ENUM_CONVERSION = YES;
				CLANG_WARN_INT_CONVERSION = YES;
				CLANG_WARN_OBJC_ROOT_CLASS = YES_ERROR;
				CLANG_WARN_UNREACHABLE_CODE = YES;
				CLANG_WARN__DUPLICATE_METHOD_MATCH = YES;
				"CODE_SIGN_IDENTITY[sdk=iphoneos*]" = "iPhone Developer";
				COPY_PHASE_STRIP = NO;
				DEBUG_INFORMATION_FORMAT = dwarf;
				ENABLE_STRICT_OBJC_MSGSEND = YES;
				ENABLE_TESTABILITY = YES;
				GCC_C_LANGUAGE_STANDARD = gnu99;
				GCC_DYNAMIC_NO_PIC = NO;
				GCC_NO_COMMON_BLOCKS = YES;
				GCC_OPTIMIZATION_LEVEL = 0;
				GCC_PREPROCESSOR_DEFINITIONS = (
					"DEBUG=1",
					"$(inherited)",
				);
				GCC_WARN_64_TO_32_BIT_CONVERSION = YES;
				GCC_WARN_ABOUT_RETURN_TYPE = YES_ERROR;
				GCC_WARN_UNDECLARED_SELECTOR = YES;
				GCC_WARN_UNINITIALIZED_AUTOS = YES_AGGRESSIVE;
				GCC_WARN_UNUSED_FUNCTION = YES;
				GCC_WARN_UNUSED_VARIABLE = YES;
				IPHONEOS_DEPLOYMENT_TARGET = 9.2;
				MTL_ENABLE_DEBUG_INFO = YES;
				ONLY_ACTIVE_ARCH = YES;
				SDKROOT = iphoneos;
				TARGETED_DEVICE_FAMILY = "1,2";
			};
			name = Debug;
		};
		9A7B02571C85B119003FCACA /* Release */ = {
			isa = XCBuildConfiguration;
			buildSettings = {
				ALWAYS_SEARCH_USER_PATHS = NO;
				CLANG_CXX_LANGUAGE_STANDARD = "gnu++0x";
				CLANG_CXX_LIBRARY = "libc++";
				CLANG_ENABLE_MODULES = YES;
				CLANG_ENABLE_OBJC_ARC = YES;
				CLANG_WARN_BOOL_CONVERSION = YES;
				CLANG_WARN_CONSTANT_CONVERSION = YES;
				CLANG_WARN_DIRECT_OBJC_ISA_USAGE = YES_ERROR;
				CLANG_WARN_EMPTY_BODY = YES;
				CLANG_WARN_ENUM_CONVERSION = YES;
				CLANG_WARN_INT_CONVERSION = YES;
				CLANG_WARN_OBJC_ROOT_CLASS = YES_ERROR;
				CLANG_WARN_UNREACHABLE_CODE = YES;
				CLANG_WARN__DUPLICATE_METHOD_MATCH = YES;
				"CODE_SIGN_IDENTITY[sdk=iphoneos*]" = "iPhone Developer";
				COPY_PHASE_STRIP = NO;
				DEBUG_INFORMATION_FORMAT = "dwarf-with-dsym";
				ENABLE_NS_ASSERTIONS = NO;
				ENABLE_STRICT_OBJC_MSGSEND = YES;
				GCC_C_LANGUAGE_STANDARD = gnu99;
				GCC_NO_COMMON_BLOCKS = YES;
				GCC_WARN_64_TO_32_BIT_CONVERSION = YES;
				GCC_WARN_ABOUT_RETURN_TYPE = YES_ERROR;
				GCC_WARN_UNDECLARED_SELECTOR = YES;
				GCC_WARN_UNINITIALIZED_AUTOS = YES_AGGRESSIVE;
				GCC_WARN_UNUSED_FUNCTION = YES;
				GCC_WARN_UNUSED_VARIABLE = YES;
				IPHONEOS_DEPLOYMENT_TARGET = 9.2;
				MTL_ENABLE_DEBUG_INFO = NO;
				SDKROOT = iphoneos;
				TARGETED_DEVICE_FAMILY = "1,2";
				VALIDATE_PRODUCT = YES;
			};
			name = Release;
		};
		9A7B02591C85B119003FCACA /* Debug */ = {
			isa = XCBuildConfiguration;
			buildSettings = {
				ASSETCATALOG_COMPILER_APPICON_NAME = AppIcon;
				INFOPLIST_FILE = TryUIwithCodes/Info.plist;
				LD_RUNPATH_SEARCH_PATHS = "$(inherited) @executable_path/Frameworks";
				PRODUCT_BUNDLE_IDENTIFIER = YaoxinZhuo.TryUIwithCodes;
				PRODUCT_NAME = "$(TARGET_NAME)";
				TARGETED_DEVICE_FAMILY = 1;
			};
			name = Debug;
		};
		9A7B025A1C85B119003FCACA /* Release */ = {
			isa = XCBuildConfiguration;
			buildSettings = {
				ASSETCATALOG_COMPILER_APPICON_NAME = AppIcon;
				INFOPLIST_FILE = TryUIwithCodes/Info.plist;
				LD_RUNPATH_SEARCH_PATHS = "$(inherited) @executable_path/Frameworks";
				PRODUCT_BUNDLE_IDENTIFIER = YaoxinZhuo.TryUIwithCodes;
				PRODUCT_NAME = "$(TARGET_NAME)";
				TARGETED_DEVICE_FAMILY = 1;
			};
			name = Release;
		};
		9A7B025C1C85B119003FCACA /* Debug */ = {
			isa = XCBuildConfiguration;
			buildSettings = {
				BUNDLE_LOADER = "$(TEST_HOST)";
				INFOPLIST_FILE = TryUIwithCodesTests/Info.plist;
				LD_RUNPATH_SEARCH_PATHS = "$(inherited) @executable_path/Frameworks @loader_path/Frameworks";
				PRODUCT_BUNDLE_IDENTIFIER = YaoxinZhuo.TryUIwithCodesTests;
				PRODUCT_NAME = "$(TARGET_NAME)";
				TEST_HOST = "$(BUILT_PRODUCTS_DIR)/TryUIwithCodes.app/TryUIwithCodes";
			};
			name = Debug;
		};
		9A7B025D1C85B119003FCACA /* Release */ = {
			isa = XCBuildConfiguration;
			buildSettings = {
				BUNDLE_LOADER = "$(TEST_HOST)";
				INFOPLIST_FILE = TryUIwithCodesTests/Info.plist;
				LD_RUNPATH_SEARCH_PATHS = "$(inherited) @executable_path/Frameworks @loader_path/Frameworks";
				PRODUCT_BUNDLE_IDENTIFIER = YaoxinZhuo.TryUIwithCodesTests;
				PRODUCT_NAME = "$(TARGET_NAME)";
				TEST_HOST = "$(BUILT_PRODUCTS_DIR)/TryUIwithCodes.app/TryUIwithCodes";
			};
			name = Release;
		};
		9A7B025F1C85B119003FCACA /* Debug */ = {
			isa = XCBuildConfiguration;
			buildSettings = {
				INFOPLIST_FILE = TryUIwithCodesUITests/Info.plist;
				LD_RUNPATH_SEARCH_PATHS = "$(inherited) @executable_path/Frameworks @loader_path/Frameworks";
				PRODUCT_BUNDLE_IDENTIFIER = YaoxinZhuo.TryUIwithCodesUITests;
				PRODUCT_NAME = "$(TARGET_NAME)";
				TEST_TARGET_NAME = TryUIwithCodes;
				USES_XCTRUNNER = YES;
			};
			name = Debug;
		};
		9A7B02601C85B119003FCACA /* Release */ = {
			isa = XCBuildConfiguration;
			buildSettings = {
				INFOPLIST_FILE = TryUIwithCodesUITests/Info.plist;
				LD_RUNPATH_SEARCH_PATHS = "$(inherited) @executable_path/Frameworks @loader_path/Frameworks";
				PRODUCT_BUNDLE_IDENTIFIER = YaoxinZhuo.TryUIwithCodesUITests;
				PRODUCT_NAME = "$(TARGET_NAME)";
				TEST_TARGET_NAME = TryUIwithCodes;
				USES_XCTRUNNER = YES;
			};
			name = Release;
		};
/* End XCBuildConfiguration section */

/* Begin XCConfigurationList section */
		9A7B02231C85B119003FCACA /* Build configuration list for PBXProject "TryUIwithCodes" */ = {
			isa = XCConfigurationList;
			buildConfigurations = (
				9A7B02561C85B119003FCACA /* Debug */,
				9A7B02571C85B119003FCACA /* Release */,
			);
			defaultConfigurationIsVisible = 0;
			defaultConfigurationName = Release;
		};
		9A7B02581C85B119003FCACA /* Build configuration list for PBXNativeTarget "TryUIwithCodes" */ = {
			isa = XCConfigurationList;
			buildConfigurations = (
				9A7B02591C85B119003FCACA /* Debug */,
				9A7B025A1C85B119003FCACA /* Release */,
			);
			defaultConfigurationIsVisible = 0;
		};
		9A7B025B1C85B119003FCACA /* Build configuration list for PBXNativeTarget "TryUIwithCodesTests" */ = {
			isa = XCConfigurationList;
			buildConfigurations = (
				9A7B025C1C85B119003FCACA /* Debug */,
				9A7B025D1C85B119003FCACA /* Release */,
			);
			defaultConfigurationIsVisible = 0;
		};
		9A7B025E1C85B119003FCACA /* Build configuration list for PBXNativeTarget "TryUIwithCodesUITests" */ = {
			isa = XCConfigurationList;
			buildConfigurations = (
				9A7B025F1C85B119003FCACA /* Debug */,
				9A7B02601C85B119003FCACA /* Release */,
			);
			defaultConfigurationIsVisible = 0;
		};
/* End XCConfigurationList section */

/* Begin XCVersionGroup section */
		9A7B02371C85B119003FCACA /* TryUIwithCodes.xcdatamodeld */ = {
			isa = XCVersionGroup;
			children = (
				9A7B02381C85B119003FCACA /* TryUIwithCodes.xcdatamodel */,
			);
			currentVersion = 9A7B02381C85B119003FCACA /* TryUIwithCodes.xcdatamodel */;
			path = TryUIwithCodes.xcdatamodeld;
			sourceTree = "<group>";
			versionGroupType = wrapper.xcdatamodel;
		};
/* End XCVersionGroup section */
	};
	rootObject = 9A7B02201C85B119003FCACA /* Project object */;
}
