// !$*UTF8*$!
{
	archiveVersion = 1;
	classes = {
	};
	objectVersion = 46;
	objects = {

/* Begin PBXBuildFile section */
		9A5F23B51CD5880400AF1AC1 /* main.m in Sources */ = {isa = PBXBuildFile; fileRef = 9A5F23B41CD5880400AF1AC1 /* main.m */; };
		9A5F23B81CD5880400AF1AC1 /* AppDelegate.m in Sources */ = {isa = PBXBuildFile; fileRef = 9A5F23B71CD5880400AF1AC1 /* AppDelegate.m */; };
		9A5F23BB1CD5880400AF1AC1 /* ViewController.m in Sources */ = {isa = PBXBuildFile; fileRef = 9A5F23BA1CD5880400AF1AC1 /* ViewController.m */; };
		9A5F23BE1CD5880400AF1AC1 /* Main.storyboard in Resources */ = {isa = PBXBuildFile; fileRef = 9A5F23BC1CD5880400AF1AC1 /* Main.storyboard */; };
		9A5F23C01CD5880400AF1AC1 /* Assets.xcassets in Resources */ = {isa = PBXBuildFile; fileRef = 9A5F23BF1CD5880400AF1AC1 /* Assets.xcassets */; };
		9A5F23C31CD5880400AF1AC1 /* LaunchScreen.storyboard in Resources */ = {isa = PBXBuildFile; fileRef = 9A5F23C11CD5880400AF1AC1 /* LaunchScreen.storyboard */; };
		9A5F23CC1CD59D2700AF1AC1 /* Card.m in Sources */ = {isa = PBXBuildFile; fileRef = 9A5F23CB1CD59D2700AF1AC1 /* Card.m */; };
		9A8B72781CD83AF500F0981D /* CardMatchingGame.m in Sources */ = {isa = PBXBuildFile; fileRef = 9A8B72771CD83AF500F0981D /* CardMatchingGame.m */; };
		9AFF5D901CD5A85B00F006C0 /* PlayingCard.m in Sources */ = {isa = PBXBuildFile; fileRef = 9AFF5D8F1CD5A85B00F006C0 /* PlayingCard.m */; };
		9AFF5D931CD5E6F900F006C0 /* Deck.m in Sources */ = {isa = PBXBuildFile; fileRef = 9AFF5D921CD5E6F900F006C0 /* Deck.m */; };
		9AFF5D961CD5EC9500F006C0 /* PlayingCardDeck.m in Sources */ = {isa = PBXBuildFile; fileRef = 9AFF5D951CD5EC9500F006C0 /* PlayingCardDeck.m */; };
/* End PBXBuildFile section */

/* Begin PBXFileReference section */
		9A5F23B01CD5880400AF1AC1 /* Matchismo.app */ = {isa = PBXFileReference; explicitFileType = wrapper.application; includeInIndex = 0; path = Matchismo.app; sourceTree = BUILT_PRODUCTS_DIR; };
		9A5F23B41CD5880400AF1AC1 /* main.m */ = {isa = PBXFileReference; lastKnownFileType = sourcecode.c.objc; path = main.m; sourceTree = "<group>"; };
		9A5F23B61CD5880400AF1AC1 /* AppDelegate.h */ = {isa = PBXFileReference; lastKnownFileType = sourcecode.c.h; path = AppDelegate.h; sourceTree = "<group>"; };
		9A5F23B71CD5880400AF1AC1 /* AppDelegate.m */ = {isa = PBXFileReference; lastKnownFileType = sourcecode.c.objc; path = AppDelegate.m; sourceTree = "<group>"; };
		9A5F23B91CD5880400AF1AC1 /* ViewController.h */ = {isa = PBXFileReference; lastKnownFileType = sourcecode.c.h; path = ViewController.h; sourceTree = "<group>"; };
		9A5F23BA1CD5880400AF1AC1 /* ViewController.m */ = {isa = PBXFileReference; lastKnownFileType = sourcecode.c.objc; path = ViewController.m; sourceTree = "<group>"; };
		9A5F23BD1CD5880400AF1AC1 /* Base */ = {isa = PBXFileReference; lastKnownFileType = file.storyboard; name = Base; path = Base.lproj/Main.storyboard; sourceTree = "<group>"; };
		9A5F23BF1CD5880400AF1AC1 /* Assets.xcassets */ = {isa = PBXFileReference; lastKnownFileType = folder.assetcatalog; path = Assets.xcassets; sourceTree = "<group>"; };
		9A5F23C21CD5880400AF1AC1 /* Base */ = {isa = PBXFileReference; lastKnownFileType = file.storyboard; name = Base; path = Base.lproj/LaunchScreen.storyboard; sourceTree = "<group>"; };
		9A5F23C41CD5880400AF1AC1 /* Info.plist */ = {isa = PBXFileReference; lastKnownFileType = text.plist.xml; path = Info.plist; sourceTree = "<group>"; };
		9A5F23CA1CD59D2700AF1AC1 /* Card.h */ = {isa = PBXFileReference; fileEncoding = 4; lastKnownFileType = sourcecode.c.h; name = Card.h; path = Model/Card.h; sourceTree = SOURCE_ROOT; };
		9A5F23CB1CD59D2700AF1AC1 /* Card.m */ = {isa = PBXFileReference; fileEncoding = 4; lastKnownFileType = sourcecode.c.objc; name = Card.m; path = Model/Card.m; sourceTree = SOURCE_ROOT; };
		9A8B72761CD83AF500F0981D /* CardMatchingGame.h */ = {isa = PBXFileReference; fileEncoding = 4; lastKnownFileType = sourcecode.c.h; name = CardMatchingGame.h; path = Model/CardMatchingGame.h; sourceTree = SOURCE_ROOT; };
		9A8B72771CD83AF500F0981D /* CardMatchingGame.m */ = {isa = PBXFileReference; fileEncoding = 4; lastKnownFileType = sourcecode.c.objc; name = CardMatchingGame.m; path = Model/CardMatchingGame.m; sourceTree = SOURCE_ROOT; };
		9AFF5D8E1CD5A85B00F006C0 /* PlayingCard.h */ = {isa = PBXFileReference; fileEncoding = 4; lastKnownFileType = sourcecode.c.h; name = PlayingCard.h; path = ../Model/PlayingCard.h; sourceTree = "<group>"; };
		9AFF5D8F1CD5A85B00F006C0 /* PlayingCard.m */ = {isa = PBXFileReference; fileEncoding = 4; lastKnownFileType = sourcecode.c.objc; name = PlayingCard.m; path = ../Model/PlayingCard.m; sourceTree = "<group>"; };
		9AFF5D911CD5E6F900F006C0 /* Deck.h */ = {isa = PBXFileReference; fileEncoding = 4; lastKnownFileType = sourcecode.c.h; name = Deck.h; path = Model/Deck.h; sourceTree = SOURCE_ROOT; };
		9AFF5D921CD5E6F900F006C0 /* Deck.m */ = {isa = PBXFileReference; fileEncoding = 4; lastKnownFileType = sourcecode.c.objc; name = Deck.m; path = Model/Deck.m; sourceTree = SOURCE_ROOT; };
		9AFF5D941CD5EC9500F006C0 /* PlayingCardDeck.h */ = {isa = PBXFileReference; fileEncoding = 4; lastKnownFileType = sourcecode.c.h; name = PlayingCardDeck.h; path = Model/PlayingCardDeck.h; sourceTree = SOURCE_ROOT; };
		9AFF5D951CD5EC9500F006C0 /* PlayingCardDeck.m */ = {isa = PBXFileReference; fileEncoding = 4; lastKnownFileType = sourcecode.c.objc; name = PlayingCardDeck.m; path = Model/PlayingCardDeck.m; sourceTree = SOURCE_ROOT; };
/* End PBXFileReference section */

/* Begin PBXFrameworksBuildPhase section */
		9A5F23AD1CD5880400AF1AC1 /* Frameworks */ = {
			isa = PBXFrameworksBuildPhase;
			buildActionMask = 2147483647;
			files = (
			);
			runOnlyForDeploymentPostprocessing = 0;
		};
/* End PBXFrameworksBuildPhase section */

/* Begin PBXGroup section */
		9A5F23A71CD5880400AF1AC1 = {
			isa = PBXGroup;
			children = (
				9A5F23B21CD5880400AF1AC1 /* Matchismo */,
				9A5F23B11CD5880400AF1AC1 /* Products */,
			);
			sourceTree = "<group>";
		};
		9A5F23B11CD5880400AF1AC1 /* Products */ = {
			isa = PBXGroup;
			children = (
				9A5F23B01CD5880400AF1AC1 /* Matchismo.app */,
			);
			name = Products;
			sourceTree = "<group>";
		};
		9A5F23B21CD5880400AF1AC1 /* Matchismo */ = {
			isa = PBXGroup;
			children = (
				9A5F23B91CD5880400AF1AC1 /* ViewController.h */,
				9A5F23BA1CD5880400AF1AC1 /* ViewController.m */,
				9A5F23BC1CD5880400AF1AC1 /* Main.storyboard */,
				9A5F23CD1CD59D5E00AF1AC1 /* Model */,
				9A5F23BF1CD5880400AF1AC1 /* Assets.xcassets */,
				9A5F23C11CD5880400AF1AC1 /* LaunchScreen.storyboard */,
				9A5F23C41CD5880400AF1AC1 /* Info.plist */,
				9A5F23B31CD5880400AF1AC1 /* Supporting Files */,
			);
			path = Matchismo;
			sourceTree = "<group>";
		};
		9A5F23B31CD5880400AF1AC1 /* Supporting Files */ = {
			isa = PBXGroup;
			children = (
				9A5F23B61CD5880400AF1AC1 /* AppDelegate.h */,
				9A5F23B71CD5880400AF1AC1 /* AppDelegate.m */,
				9A5F23B41CD5880400AF1AC1 /* main.m */,
			);
			name = "Supporting Files";
			sourceTree = "<group>";
		};
		9A5F23CD1CD59D5E00AF1AC1 /* Model */ = {
			isa = PBXGroup;
			children = (
				9AFF5D8E1CD5A85B00F006C0 /* PlayingCard.h */,
				9AFF5D8F1CD5A85B00F006C0 /* PlayingCard.m */,
				9A5F23CA1CD59D2700AF1AC1 /* Card.h */,
				9A5F23CB1CD59D2700AF1AC1 /* Card.m */,
				9AFF5D911CD5E6F900F006C0 /* Deck.h */,
				9AFF5D921CD5E6F900F006C0 /* Deck.m */,
				9AFF5D941CD5EC9500F006C0 /* PlayingCardDeck.h */,
				9AFF5D951CD5EC9500F006C0 /* PlayingCardDeck.m */,
				9A8B72761CD83AF500F0981D /* CardMatchingGame.h */,
				9A8B72771CD83AF500F0981D /* CardMatchingGame.m */,
			);
			name = Model;
			sourceTree = "<group>";
		};
/* End PBXGroup section */

/* Begin PBXNativeTarget section */
		9A5F23AF1CD5880400AF1AC1 /* Matchismo */ = {
			isa = PBXNativeTarget;
			buildConfigurationList = 9A5F23C71CD5880400AF1AC1 /* Build configuration list for PBXNativeTarget "Matchismo" */;
			buildPhases = (
				9A5F23AC1CD5880400AF1AC1 /* Sources */,
				9A5F23AD1CD5880400AF1AC1 /* Frameworks */,
				9A5F23AE1CD5880400AF1AC1 /* Resources */,
			);
			buildRules = (
			);
			dependencies = (
			);
			name = Matchismo;
			productName = Matchismo;
			productReference = 9A5F23B01CD5880400AF1AC1 /* Matchismo.app */;
			productType = "com.apple.product-type.application";
		};
/* End PBXNativeTarget section */

/* Begin PBXProject section */
		9A5F23A81CD5880400AF1AC1 /* Project object */ = {
			isa = PBXProject;
			attributes = {
				LastUpgradeCheck = 0730;
				ORGANIZATIONNAME = YaoxinZhuo;
				TargetAttributes = {
					9A5F23AF1CD5880400AF1AC1 = {
						CreatedOnToolsVersion = 7.3;
						DevelopmentTeam = P924K6R9PP;
					};
				};
			};
			buildConfigurationList = 9A5F23AB1CD5880400AF1AC1 /* Build configuration list for PBXProject "Matchismo" */;
			compatibilityVersion = "Xcode 3.2";
			developmentRegion = English;
			hasScannedForEncodings = 0;
			knownRegions = (
				en,
				Base,
			);
			mainGroup = 9A5F23A71CD5880400AF1AC1;
			productRefGroup = 9A5F23B11CD5880400AF1AC1 /* Products */;
			projectDirPath = "";
			projectRoot = "";
			targets = (
				9A5F23AF1CD5880400AF1AC1 /* Matchismo */,
			);
		};
/* End PBXProject section */

/* Begin PBXResourcesBuildPhase section */
		9A5F23AE1CD5880400AF1AC1 /* Resources */ = {
			isa = PBXResourcesBuildPhase;
			buildActionMask = 2147483647;
			files = (
				9A5F23C31CD5880400AF1AC1 /* LaunchScreen.storyboard in Resources */,
				9A5F23C01CD5880400AF1AC1 /* Assets.xcassets in Resources */,
				9A5F23BE1CD5880400AF1AC1 /* Main.storyboard in Resources */,
			);
			runOnlyForDeploymentPostprocessing = 0;
		};
/* End PBXResourcesBuildPhase section */

/* Begin PBXSourcesBuildPhase section */
		9A5F23AC1CD5880400AF1AC1 /* Sources */ = {
			isa = PBXSourcesBuildPhase;
			buildActionMask = 2147483647;
			files = (
				9A5F23BB1CD5880400AF1AC1 /* ViewController.m in Sources */,
				9A5F23B81CD5880400AF1AC1 /* AppDelegate.m in Sources */,
				9A5F23B51CD5880400AF1AC1 /* main.m in Sources */,
				9AFF5D901CD5A85B00F006C0 /* PlayingCard.m in Sources */,
				9A8B72781CD83AF500F0981D /* CardMatchingGame.m in Sources */,
				9AFF5D961CD5EC9500F006C0 /* PlayingCardDeck.m in Sources */,
				9AFF5D931CD5E6F900F006C0 /* Deck.m in Sources */,
				9A5F23CC1CD59D2700AF1AC1 /* Card.m in Sources */,
			);
			runOnlyForDeploymentPostprocessing = 0;
		};
/* End PBXSourcesBuildPhase section */

/* Begin PBXVariantGroup section */
		9A5F23BC1CD5880400AF1AC1 /* Main.storyboard */ = {
			isa = PBXVariantGroup;
			children = (
				9A5F23BD1CD5880400AF1AC1 /* Base */,
			);
			name = Main.storyboard;
			sourceTree = "<group>";
		};
		9A5F23C11CD5880400AF1AC1 /* LaunchScreen.storyboard */ = {
			isa = PBXVariantGroup;
			children = (
				9A5F23C21CD5880400AF1AC1 /* Base */,
			);
			name = LaunchScreen.storyboard;
			sourceTree = "<group>";
		};
/* End PBXVariantGroup section */

/* Begin XCBuildConfiguration section */
		9A5F23C51CD5880400AF1AC1 /* Debug */ = {
			isa = XCBuildConfiguration;
			buildSettings = {
				ALWAYS_SEARCH_USER_PATHS = NO;
				CLANG_ANALYZER_NONNULL = YES;
				CLANG_CXX_LANGUAGE_STANDARD = "gnu++0x";
				CLANG_CXX_LIBRARY = "libc++";
				CLANG_ENABLE_MODULES = YES;
				CLANG_ENABLE_OBJC_ARC = YES;
				CLANG_WARN_BOOL_CONVERSION = YES;
				CLANG_WARN_CONSTANT_CONVERSION = YES;
				CLANG_WARN_DIRECT_OBJC_ISA_USAGE = YES_ERROR;
				CLANG_WARN_EMPTY_BODY = YES;
				CLANG_WARN_ENUM_CONVERSION = YES;
				CLANG_WARN_INT_CONVERSION = YES;
				CLANG_WARN_OBJC_ROOT_CLASS = YES_ERROR;
				CLANG_WARN_UNREACHABLE_CODE = YES;
				CLANG_WARN__DUPLICATE_METHOD_MATCH = YES;
				"CODE_SIGN_IDENTITY[sdk=iphoneos*]" = "iPhone Developer";
				COPY_PHASE_STRIP = NO;
				DEBUG_INFORMATION_FORMAT = dwarf;
				ENABLE_STRICT_OBJC_MSGSEND = YES;
				ENABLE_TESTABILITY = YES;
				GCC_C_LANGUAGE_STANDARD = gnu99;
				GCC_DYNAMIC_NO_PIC = NO;
				GCC_NO_COMMON_BLOCKS = YES;
				GCC_OPTIMIZATION_LEVEL = 0;
				GCC_PREPROCESSOR_DEFINITIONS = (
					"DEBUG=1",
					"$(inherited)",
				);
				GCC_WARN_64_TO_32_BIT_CONVERSION = YES;
				GCC_WARN_ABOUT_RETURN_TYPE = YES_ERROR;
				GCC_WARN_UNDECLARED_SELECTOR = YES;
				GCC_WARN_UNINITIALIZED_AUTOS = YES_AGGRESSIVE;
				GCC_WARN_UNUSED_FUNCTION = YES;
				GCC_WARN_UNUSED_VARIABLE = YES;
				IPHONEOS_DEPLOYMENT_TARGET = 9.3;
				MTL_ENABLE_DEBUG_INFO = YES;
				ONLY_ACTIVE_ARCH = YES;
				SDKROOT = iphoneos;
			};
			name = Debug;
		};
		9A5F23C61CD5880400AF1AC1 /* Release */ = {
			isa = XCBuildConfiguration;
			buildSettings = {
				ALWAYS_SEARCH_USER_PATHS = NO;
				CLANG_ANALYZER_NONNULL = YES;
				CLANG_CXX_LANGUAGE_STANDARD = "gnu++0x";
				CLANG_CXX_LIBRARY = "libc++";
				CLANG_ENABLE_MODULES = YES;
				CLANG_ENABLE_OBJC_ARC = YES;
				CLANG_WARN_BOOL_CONVERSION = YES;
				CLANG_WARN_CONSTANT_CONVERSION = YES;
				CLANG_WARN_DIRECT_OBJC_ISA_USAGE = YES_ERROR;
				CLANG_WARN_EMPTY_BODY = YES;
				CLANG_WARN_ENUM_CONVERSION = YES;
				CLANG_WARN_INT_CONVERSION = YES;
				CLANG_WARN_OBJC_ROOT_CLASS = YES_ERROR;
				CLANG_WARN_UNREACHABLE_CODE = YES;
				CLANG_WARN__DUPLICATE_METHOD_MATCH = YES;
				"CODE_SIGN_IDENTITY[sdk=iphoneos*]" = "iPhone Developer";
				COPY_PHASE_STRIP = NO;
				DEBUG_INFORMATION_FORMAT = "dwarf-with-dsym";
				ENABLE_NS_ASSERTIONS = NO;
				ENABLE_STRICT_OBJC_MSGSEND = YES;
				GCC_C_LANGUAGE_STANDARD = gnu99;
				GCC_NO_COMMON_BLOCKS = YES;
				GCC_WARN_64_TO_32_BIT_CONVERSION = YES;
				GCC_WARN_ABOUT_RETURN_TYPE = YES_ERROR;
				GCC_WARN_UNDECLARED_SELECTOR = YES;
				GCC_WARN_UNINITIALIZED_AUTOS = YES_AGGRESSIVE;
				GCC_WARN_UNUSED_FUNCTION = YES;
				GCC_WARN_UNUSED_VARIABLE = YES;
				IPHONEOS_DEPLOYMENT_TARGET = 9.3;
				MTL_ENABLE_DEBUG_INFO = NO;
				SDKROOT = iphoneos;
				VALIDATE_PRODUCT = YES;
			};
			name = Release;
		};
		9A5F23C81CD5880400AF1AC1 /* Debug */ = {
			isa = XCBuildConfiguration;
			buildSettings = {
				ASSETCATALOG_COMPILER_APPICON_NAME = AppIcon;
				CODE_SIGN_IDENTITY = "iPhone Developer";
				"CODE_SIGN_IDENTITY[sdk=iphoneos*]" = "iPhone Developer";
				INFOPLIST_FILE = Matchismo/Info.plist;
				LD_RUNPATH_SEARCH_PATHS = "$(inherited) @executable_path/Frameworks";
				PRODUCT_BUNDLE_IDENTIFIER = YaoxinZhuo.HDU.Matchismo;
				PRODUCT_NAME = "$(TARGET_NAME)";
				PROVISIONING_PROFILE = "";
			};
			name = Debug;
		};
		9A5F23C91CD5880400AF1AC1 /* Release */ = {
			isa = XCBuildConfiguration;
			buildSettings = {
				ASSETCATALOG_COMPILER_APPICON_NAME = AppIcon;
				CODE_SIGN_IDENTITY = "iPhone Developer";
				"CODE_SIGN_IDENTITY[sdk=iphoneos*]" = "iPhone Developer";
				INFOPLIST_FILE = Matchismo/Info.plist;
				LD_RUNPATH_SEARCH_PATHS = "$(inherited) @executable_path/Frameworks";
				PRODUCT_BUNDLE_IDENTIFIER = YaoxinZhuo.HDU.Matchismo;
				PRODUCT_NAME = "$(TARGET_NAME)";
				PROVISIONING_PROFILE = "";
			};
			name = Release;
		};
/* End XCBuildConfiguration section */

/* Begin XCConfigurationList section */
		9A5F23AB1CD5880400AF1AC1 /* Build configuration list for PBXProject "Matchismo" */ = {
			isa = XCConfigurationList;
			buildConfigurations = (
				9A5F23C51CD5880400AF1AC1 /* Debug */,
				9A5F23C61CD5880400AF1AC1 /* Release */,
			);
			defaultConfigurationIsVisible = 0;
			defaultConfigurationName = Release;
		};
		9A5F23C71CD5880400AF1AC1 /* Build configuration list for PBXNativeTarget "Matchismo" */ = {
			isa = XCConfigurationList;
			buildConfigurations = (
				9A5F23C81CD5880400AF1AC1 /* Debug */,
				9A5F23C91CD5880400AF1AC1 /* Release */,
			);
			defaultConfigurationIsVisible = 0;
			defaultConfigurationName = Release;
		};
/* End XCConfigurationList section */
	};
	rootObject = 9A5F23A81CD5880400AF1AC1 /* Project object */;
}
