// !$*UTF8*$!
{
	archiveVersion = 1;
	classes = {
	};
	objectVersion = 46;
	objects = {

/* Begin PBXBuildFile section */
		9A0F23871CAC1A1A007F9318 /* main.m in Sources */ = {isa = PBXBuildFile; fileRef = 9A0F23861CAC1A1A007F9318 /* main.m */; };
/* End PBXBuildFile section */

/* Begin PBXCopyFilesBuildPhase section */
		9A0F23811CAC1A1A007F9318 /* CopyFiles */ = {
			isa = PBXCopyFilesBuildPhase;
			buildActionMask = 2147483647;
			dstPath = /usr/share/man/man1/;
			dstSubfolderSpec = 0;
			files = (
			);
			runOnlyForDeploymentPostprocessing = 1;
		};
/* End PBXCopyFilesBuildPhase section */

/* Begin PBXFileReference section */
		9A0F23831CAC1A1A007F9318 /* BackLearnOC_3chapter */ = {isa = PBXFileReference; explicitFileType = "compiled.mach-o.executable"; includeInIndex = 0; path = BackLearnOC_3chapter; sourceTree = BUILT_PRODUCTS_DIR; };
		9A0F23861CAC1A1A007F9318 /* main.m */ = {isa = PBXFileReference; lastKnownFileType = sourcecode.c.objc; path = main.m; sourceTree = "<group>"; };
/* End PBXFileReference section */

/* Begin PBXFrameworksBuildPhase section */
		9A0F23801CAC1A1A007F9318 /* Frameworks */ = {
			isa = PBXFrameworksBuildPhase;
			buildActionMask = 2147483647;
			files = (
			);
			runOnlyForDeploymentPostprocessing = 0;
		};
/* End PBXFrameworksBuildPhase section */

/* Begin PBXGroup section */
		9A0F237A1CAC1A1A007F9318 = {
			isa = PBXGroup;
			children = (
				9A0F23851CAC1A1A007F9318 /* BackLearnOC_3chapter */,
				9A0F23841CAC1A1A007F9318 /* Products */,
			);
			sourceTree = "<group>";
		};
		9A0F23841CAC1A1A007F9318 /* Products */ = {
			isa = PBXGroup;
			children = (
				9A0F23831CAC1A1A007F9318 /* BackLearnOC_3chapter */,
			);
			name = Products;
			sourceTree = "<group>";
		};
		9A0F23851CAC1A1A007F9318 /* BackLearnOC_3chapter */ = {
			isa = PBXGroup;
			children = (
				9A0F23861CAC1A1A007F9318 /* main.m */,
			);
			path = BackLearnOC_3chapter;
			sourceTree = "<group>";
		};
/* End PBXGroup section */

/* Begin PBXNativeTarget section */
		9A0F23821CAC1A1A007F9318 /* BackLearnOC_3chapter */ = {
			isa = PBXNativeTarget;
			buildConfigurationList = 9A0F238A1CAC1A1A007F9318 /* Build configuration list for PBXNativeTarget "BackLearnOC_3chapter" */;
			buildPhases = (
				9A0F237F1CAC1A1A007F9318 /* Sources */,
				9A0F23801CAC1A1A007F9318 /* Frameworks */,
				9A0F23811CAC1A1A007F9318 /* CopyFiles */,
			);
			buildRules = (
			);
			dependencies = (
			);
			name = BackLearnOC_3chapter;
			productName = BackLearnOC_3chapter;
			productReference = 9A0F23831CAC1A1A007F9318 /* BackLearnOC_3chapter */;
			productType = "com.apple.product-type.tool";
		};
/* End PBXNativeTarget section */

/* Begin PBXProject section */
		9A0F237B1CAC1A1A007F9318 /* Project object */ = {
			isa = PBXProject;
			attributes = {
				LastUpgradeCheck = 0730;
				ORGANIZATIONNAME = YaoxinZhuo;
				TargetAttributes = {
					9A0F23821CAC1A1A007F9318 = {
						CreatedOnToolsVersion = 7.3;
					};
				};
			};
			buildConfigurationList = 9A0F237E1CAC1A1A007F9318 /* Build configuration list for PBXProject "BackLearnOC_3chapter" */;
			compatibilityVersion = "Xcode 3.2";
			developmentRegion = English;
			hasScannedForEncodings = 0;
			knownRegions = (
				en,
			);
			mainGroup = 9A0F237A1CAC1A1A007F9318;
			productRefGroup = 9A0F23841CAC1A1A007F9318 /* Products */;
			projectDirPath = "";
			projectRoot = "";
			targets = (
				9A0F23821CAC1A1A007F9318 /* BackLearnOC_3chapter */,
			);
		};
/* End PBXProject section */

/* Begin PBXSourcesBuildPhase section */
		9A0F237F1CAC1A1A007F9318 /* Sources */ = {
			isa = PBXSourcesBuildPhase;
			buildActionMask = 2147483647;
			files = (
				9A0F23871CAC1A1A007F9318 /* main.m in Sources */,
			);
			runOnlyForDeploymentPostprocessing = 0;
		};
/* End PBXSourcesBuildPhase section */

/* Begin XCBuildConfiguration section */
		9A0F23881CAC1A1A007F9318 /* Debug */ = {
			isa = XCBuildConfiguration;
			buildSettings = {
				ALWAYS_SEARCH_USER_PATHS = NO;
				CLANG_ANALYZER_NONNULL = YES;
				CLANG_CXX_LANGUAGE_STANDARD = "gnu++0x";
				CLANG_CXX_LIBRARY = "libc++";
				CLANG_ENABLE_MODULES = YES;
				CLANG_ENABLE_OBJC_ARC = YES;
				CLANG_WARN_BOOL_CONVERSION = YES;
				CLANG_WARN_CONSTANT_CONVERSION = YES;
				CLANG_WARN_DIRECT_OBJC_ISA_USAGE = YES_ERROR;
				CLANG_WARN_EMPTY_BODY = YES;
				CLANG_WARN_ENUM_CONVERSION = YES;
				CLANG_WARN_INT_CONVERSION = YES;
				CLANG_WARN_OBJC_ROOT_CLASS = YES_ERROR;
				CLANG_WARN_UNREACHABLE_CODE = YES;
				CLANG_WARN__DUPLICATE_METHOD_MATCH = YES;
				CODE_SIGN_IDENTITY = "-";
				COPY_PHASE_STRIP = NO;
				DEBUG_INFORMATION_FORMAT = dwarf;
				ENABLE_STRICT_OBJC_MSGSEND = YES;
				ENABLE_TESTABILITY = YES;
				GCC_C_LANGUAGE_STANDARD = gnu99;
				GCC_DYNAMIC_NO_PIC = NO;
				GCC_NO_COMMON_BLOCKS = YES;
				GCC_OPTIMIZATION_LEVEL = 0;
				GCC_PREPROCESSOR_DEFINITIONS = (
					"DEBUG=1",
					"$(inherited)",
				);
				GCC_WARN_64_TO_32_BIT_CONVERSION = YES;
				GCC_WARN_ABOUT_RETURN_TYPE = YES_ERROR;
				GCC_WARN_UNDECLARED_SELECTOR = YES;
				GCC_WARN_UNINITIALIZED_AUTOS = YES_AGGRESSIVE;
				GCC_WARN_UNUSED_FUNCTION = YES;
				GCC_WARN_UNUSED_VARIABLE = YES;
				MACOSX_DEPLOYMENT_TARGET = 10.11;
				MTL_ENABLE_DEBUG_INFO = YES;
				ONLY_ACTIVE_ARCH = YES;
				SDKROOT = macosx;
			};
			name = Debug;
		};
		9A0F23891CAC1A1A007F9318 /* Release */ = {
			isa = XCBuildConfiguration;
			buildSettings = {
				ALWAYS_SEARCH_USER_PATHS = NO;
				CLANG_ANALYZER_NONNULL = YES;
				CLANG_CXX_LANGUAGE_STANDARD = "gnu++0x";
				CLANG_CXX_LIBRARY = "libc++";
				CLANG_ENABLE_MODULES = YES;
				CLANG_ENABLE_OBJC_ARC = YES;
				CLANG_WARN_BOOL_CONVERSION = YES;
				CLANG_WARN_CONSTANT_CONVERSION = YES;
				CLANG_WARN_DIRECT_OBJC_ISA_USAGE = YES_ERROR;
				CLANG_WARN_EMPTY_BODY = YES;
				CLANG_WARN_ENUM_CONVERSION = YES;
				CLANG_WARN_INT_CONVERSION = YES;
				CLANG_WARN_OBJC_ROOT_CLASS = YES_ERROR;
				CLANG_WARN_UNREACHABLE_CODE = YES;
				CLANG_WARN__DUPLICATE_METHOD_MATCH = YES;
				CODE_SIGN_IDENTITY = "-";
				COPY_PHASE_STRIP = NO;
				DEBUG_INFORMATION_FORMAT = "dwarf-with-dsym";
				ENABLE_NS_ASSERTIONS = NO;
				ENABLE_STRICT_OBJC_MSGSEND = YES;
				GCC_C_LANGUAGE_STANDARD = gnu99;
				GCC_NO_COMMON_BLOCKS = YES;
				GCC_WARN_64_TO_32_BIT_CONVERSION = YES;
				GCC_WARN_ABOUT_RETURN_TYPE = YES_ERROR;
				GCC_WARN_UNDECLARED_SELECTOR = YES;
				GCC_WARN_UNINITIALIZED_AUTOS = YES_AGGRESSIVE;
				GCC_WARN_UNUSED_FUNCTION = YES;
				GCC_WARN_UNUSED_VARIABLE = YES;
				MACOSX_DEPLOYMENT_TARGET = 10.11;
				MTL_ENABLE_DEBUG_INFO = NO;
				SDKROOT = macosx;
			};
			name = Release;
		};
		9A0F238B1CAC1A1A007F9318 /* Debug */ = {
			isa = XCBuildConfiguration;
			buildSettings = {
				PRODUCT_NAME = "$(TARGET_NAME)";
			};
			name = Debug;
		};
		9A0F238C1CAC1A1A007F9318 /* Release */ = {
			isa = XCBuildConfiguration;
			buildSettings = {
				PRODUCT_NAME = "$(TARGET_NAME)";
			};
			name = Release;
		};
/* End XCBuildConfiguration section */

/* Begin XCConfigurationList section */
		9A0F237E1CAC1A1A007F9318 /* Build configuration list for PBXProject "BackLearnOC_3chapter" */ = {
			isa = XCConfigurationList;
			buildConfigurations = (
				9A0F23881CAC1A1A007F9318 /* Debug */,
				9A0F23891CAC1A1A007F9318 /* Release */,
			);
			defaultConfigurationIsVisible = 0;
			defaultConfigurationName = Release;
		};
		9A0F238A1CAC1A1A007F9318 /* Build configuration list for PBXNativeTarget "BackLearnOC_3chapter" */ = {
			isa = XCConfigurationList;
			buildConfigurations = (
				9A0F238B1CAC1A1A007F9318 /* Debug */,
				9A0F238C1CAC1A1A007F9318 /* Release */,
			);
			defaultConfigurationIsVisible = 0;
			defaultConfigurationName = Release;
		};
/* End XCConfigurationList section */
	};
	rootObject = 9A0F237B1CAC1A1A007F9318 /* Project object */;
}
