// !$*UTF8*$!
{
	archiveVersion = 1;
	classes = {
	};
	objectVersion = 46;
	objects = {

/* Begin PBXBuildFile section */
		9A2512951C8A82FF00A65867 /* DKTextField in Resources */ = {isa = PBXBuildFile; fileRef = 9A25128E1C8A82FF00A65867 /* DKTextField */; };
		9A2512961C8A82FF00A65867 /* DKTextFieldTests in Resources */ = {isa = PBXBuildFile; fileRef = 9A2512921C8A82FF00A65867 /* DKTextFieldTests */; };
		9A2512971C8A82FF00A65867 /* intro1.gif in Resources */ = {isa = PBXBuildFile; fileRef = 9A2512931C8A82FF00A65867 /* intro1.gif */; };
		9A2512981C8A82FF00A65867 /* README.md in Sources */ = {isa = PBXBuildFile; fileRef = 9A2512941C8A82FF00A65867 /* README.md */; };
		9A6E43231C8A75BD0031DDAD /* main.m in Sources */ = {isa = PBXBuildFile; fileRef = 9A6E43221C8A75BD0031DDAD /* main.m */; };
		9A6E43261C8A75BD0031DDAD /* AppDelegate.m in Sources */ = {isa = PBXBuildFile; fileRef = 9A6E43251C8A75BD0031DDAD /* AppDelegate.m */; };
		9A6E43291C8A75BD0031DDAD /* ViewController.m in Sources */ = {isa = PBXBuildFile; fileRef = 9A6E43281C8A75BD0031DDAD /* ViewController.m */; };
		9A6E432C1C8A75BD0031DDAD /* Main.storyboard in Resources */ = {isa = PBXBuildFile; fileRef = 9A6E432A1C8A75BD0031DDAD /* Main.storyboard */; };
		9A6E432E1C8A75BD0031DDAD /* Assets.xcassets in Resources */ = {isa = PBXBuildFile; fileRef = 9A6E432D1C8A75BD0031DDAD /* Assets.xcassets */; };
		9A6E43311C8A75BD0031DDAD /* LaunchScreen.storyboard in Resources */ = {isa = PBXBuildFile; fileRef = 9A6E432F1C8A75BD0031DDAD /* LaunchScreen.storyboard */; };
		9A6E433C1C8A75BD0031DDAD /* LearnDKTextFieldTests.m in Sources */ = {isa = PBXBuildFile; fileRef = 9A6E433B1C8A75BD0031DDAD /* LearnDKTextFieldTests.m */; };
		9A6E43471C8A75BD0031DDAD /* LearnDKTextFieldUITests.m in Sources */ = {isa = PBXBuildFile; fileRef = 9A6E43461C8A75BD0031DDAD /* LearnDKTextFieldUITests.m */; };
/* End PBXBuildFile section */

/* Begin PBXContainerItemProxy section */
		9A25129B1C8A82FF00A65867 /* PBXContainerItemProxy */ = {
			isa = PBXContainerItemProxy;
			containerPortal = 9A25128F1C8A82FF00A65867 /* DKTextField.xcodeproj */;
			proxyType = 2;
			remoteGlobalIDString = 9CA23A161A034794007C9F5E;
			remoteInfo = DKTextField;
		};
		9A25129D1C8A82FF00A65867 /* PBXContainerItemProxy */ = {
			isa = PBXContainerItemProxy;
			containerPortal = 9A25128F1C8A82FF00A65867 /* DKTextField.xcodeproj */;
			proxyType = 2;
			remoteGlobalIDString = 9CA23A2F1A034794007C9F5E;
			remoteInfo = DKTextFieldTests;
		};
		9A6E43381C8A75BD0031DDAD /* PBXContainerItemProxy */ = {
			isa = PBXContainerItemProxy;
			containerPortal = 9A6E43161C8A75BD0031DDAD /* Project object */;
			proxyType = 1;
			remoteGlobalIDString = 9A6E431D1C8A75BD0031DDAD;
			remoteInfo = LearnDKTextField;
		};
		9A6E43431C8A75BD0031DDAD /* PBXContainerItemProxy */ = {
			isa = PBXContainerItemProxy;
			containerPortal = 9A6E43161C8A75BD0031DDAD /* Project object */;
			proxyType = 1;
			remoteGlobalIDString = 9A6E431D1C8A75BD0031DDAD;
			remoteInfo = LearnDKTextField;
		};
/* End PBXContainerItemProxy section */

/* Begin PBXFileReference section */
		9A25128E1C8A82FF00A65867 /* DKTextField */ = {isa = PBXFileReference; lastKnownFileType = folder; name = DKTextField; path = DKTextField/DKTextField; sourceTree = "<group>"; };
		9A25128F1C8A82FF00A65867 /* DKTextField.xcodeproj */ = {isa = PBXFileReference; lastKnownFileType = "wrapper.pb-project"; name = DKTextField.xcodeproj; path = DKTextField/DKTextField.xcodeproj; sourceTree = "<group>"; };
		9A2512921C8A82FF00A65867 /* DKTextFieldTests */ = {isa = PBXFileReference; lastKnownFileType = folder; name = DKTextFieldTests; path = DKTextField/DKTextFieldTests; sourceTree = "<group>"; };
		9A2512931C8A82FF00A65867 /* intro1.gif */ = {isa = PBXFileReference; lastKnownFileType = image.gif; name = intro1.gif; path = DKTextField/intro1.gif; sourceTree = "<group>"; };
		9A2512941C8A82FF00A65867 /* README.md */ = {isa = PBXFileReference; fileEncoding = 4; lastKnownFileType = net.daringfireball.markdown; name = README.md; path = DKTextField/README.md; sourceTree = "<group>"; };
		9A6E431E1C8A75BD0031DDAD /* LearnDKTextField.app */ = {isa = PBXFileReference; explicitFileType = wrapper.application; includeInIndex = 0; path = LearnDKTextField.app; sourceTree = BUILT_PRODUCTS_DIR; };
		9A6E43221C8A75BD0031DDAD /* main.m */ = {isa = PBXFileReference; lastKnownFileType = sourcecode.c.objc; path = main.m; sourceTree = "<group>"; };
		9A6E43241C8A75BD0031DDAD /* AppDelegate.h */ = {isa = PBXFileReference; lastKnownFileType = sourcecode.c.h; path = AppDelegate.h; sourceTree = "<group>"; };
		9A6E43251C8A75BD0031DDAD /* AppDelegate.m */ = {isa = PBXFileReference; lastKnownFileType = sourcecode.c.objc; path = AppDelegate.m; sourceTree = "<group>"; };
		9A6E43271C8A75BD0031DDAD /* ViewController.h */ = {isa = PBXFileReference; lastKnownFileType = sourcecode.c.h; path = ViewController.h; sourceTree = "<group>"; };
		9A6E43281C8A75BD0031DDAD /* ViewController.m */ = {isa = PBXFileReference; lastKnownFileType = sourcecode.c.objc; path = ViewController.m; sourceTree = "<group>"; };
		9A6E432B1C8A75BD0031DDAD /* Base */ = {isa = PBXFileReference; lastKnownFileType = file.storyboard; name = Base; path = Base.lproj/Main.storyboard; sourceTree = "<group>"; };
		9A6E432D1C8A75BD0031DDAD /* Assets.xcassets */ = {isa = PBXFileReference; lastKnownFileType = folder.assetcatalog; path = Assets.xcassets; sourceTree = "<group>"; };
		9A6E43301C8A75BD0031DDAD /* Base */ = {isa = PBXFileReference; lastKnownFileType = file.storyboard; name = Base; path = Base.lproj/LaunchScreen.storyboard; sourceTree = "<group>"; };
		9A6E43321C8A75BD0031DDAD /* Info.plist */ = {isa = PBXFileReference; lastKnownFileType = text.plist.xml; path = Info.plist; sourceTree = "<group>"; };
		9A6E43371C8A75BD0031DDAD /* LearnDKTextFieldTests.xctest */ = {isa = PBXFileReference; explicitFileType = wrapper.cfbundle; includeInIndex = 0; path = LearnDKTextFieldTests.xctest; sourceTree = BUILT_PRODUCTS_DIR; };
		9A6E433B1C8A75BD0031DDAD /* LearnDKTextFieldTests.m */ = {isa = PBXFileReference; lastKnownFileType = sourcecode.c.objc; path = LearnDKTextFieldTests.m; sourceTree = "<group>"; };
		9A6E433D1C8A75BD0031DDAD /* Info.plist */ = {isa = PBXFileReference; lastKnownFileType = text.plist.xml; path = Info.plist; sourceTree = "<group>"; };
		9A6E43421C8A75BD0031DDAD /* LearnDKTextFieldUITests.xctest */ = {isa = PBXFileReference; explicitFileType = wrapper.cfbundle; includeInIndex = 0; path = LearnDKTextFieldUITests.xctest; sourceTree = BUILT_PRODUCTS_DIR; };
		9A6E43461C8A75BD0031DDAD /* LearnDKTextFieldUITests.m */ = {isa = PBXFileReference; lastKnownFileType = sourcecode.c.objc; path = LearnDKTextFieldUITests.m; sourceTree = "<group>"; };
		9A6E43481C8A75BD0031DDAD /* Info.plist */ = {isa = PBXFileReference; lastKnownFileType = text.plist.xml; path = Info.plist; sourceTree = "<group>"; };
/* End PBXFileReference section */

/* Begin PBXFrameworksBuildPhase section */
		9A6E431B1C8A75BD0031DDAD /* Frameworks */ = {
			isa = PBXFrameworksBuildPhase;
			buildActionMask = 2147483647;
			files = (
			);
			runOnlyForDeploymentPostprocessing = 0;
		};
		9A6E43341C8A75BD0031DDAD /* Frameworks */ = {
			isa = PBXFrameworksBuildPhase;
			buildActionMask = 2147483647;
			files = (
			);
			runOnlyForDeploymentPostprocessing = 0;
		};
		9A6E433F1C8A75BD0031DDAD /* Frameworks */ = {
			isa = PBXFrameworksBuildPhase;
			buildActionMask = 2147483647;
			files = (
			);
			runOnlyForDeploymentPostprocessing = 0;
		};
/* End PBXFrameworksBuildPhase section */

/* Begin PBXGroup section */
		9A2512901C8A82FF00A65867 /* Products */ = {
			isa = PBXGroup;
			children = (
				9A25129C1C8A82FF00A65867 /* DKTextField.app */,
				9A25129E1C8A82FF00A65867 /* DKTextFieldTests.xctest */,
			);
			name = Products;
			sourceTree = "<group>";
		};
		9A6E43151C8A75BD0031DDAD = {
			isa = PBXGroup;
			children = (
				9A25128E1C8A82FF00A65867 /* DKTextField */,
				9A25128F1C8A82FF00A65867 /* DKTextField.xcodeproj */,
				9A2512921C8A82FF00A65867 /* DKTextFieldTests */,
				9A2512931C8A82FF00A65867 /* intro1.gif */,
				9A2512941C8A82FF00A65867 /* README.md */,
				9A6E43201C8A75BD0031DDAD /* LearnDKTextField */,
				9A6E433A1C8A75BD0031DDAD /* LearnDKTextFieldTests */,
				9A6E43451C8A75BD0031DDAD /* LearnDKTextFieldUITests */,
				9A6E431F1C8A75BD0031DDAD /* Products */,
			);
			sourceTree = "<group>";
		};
		9A6E431F1C8A75BD0031DDAD /* Products */ = {
			isa = PBXGroup;
			children = (
				9A6E431E1C8A75BD0031DDAD /* LearnDKTextField.app */,
				9A6E43371C8A75BD0031DDAD /* LearnDKTextFieldTests.xctest */,
				9A6E43421C8A75BD0031DDAD /* LearnDKTextFieldUITests.xctest */,
			);
			name = Products;
			sourceTree = "<group>";
		};
		9A6E43201C8A75BD0031DDAD /* LearnDKTextField */ = {
			isa = PBXGroup;
			children = (
				9A6E43241C8A75BD0031DDAD /* AppDelegate.h */,
				9A6E43251C8A75BD0031DDAD /* AppDelegate.m */,
				9A6E43271C8A75BD0031DDAD /* ViewController.h */,
				9A6E43281C8A75BD0031DDAD /* ViewController.m */,
				9A6E432A1C8A75BD0031DDAD /* Main.storyboard */,
				9A6E432D1C8A75BD0031DDAD /* Assets.xcassets */,
				9A6E432F1C8A75BD0031DDAD /* LaunchScreen.storyboard */,
				9A6E43321C8A75BD0031DDAD /* Info.plist */,
				9A6E43211C8A75BD0031DDAD /* Supporting Files */,
			);
			path = LearnDKTextField;
			sourceTree = "<group>";
		};
		9A6E43211C8A75BD0031DDAD /* Supporting Files */ = {
			isa = PBXGroup;
			children = (
				9A6E43221C8A75BD0031DDAD /* main.m */,
			);
			name = "Supporting Files";
			sourceTree = "<group>";
		};
		9A6E433A1C8A75BD0031DDAD /* LearnDKTextFieldTests */ = {
			isa = PBXGroup;
			children = (
				9A6E433B1C8A75BD0031DDAD /* LearnDKTextFieldTests.m */,
				9A6E433D1C8A75BD0031DDAD /* Info.plist */,
			);
			path = LearnDKTextFieldTests;
			sourceTree = "<group>";
		};
		9A6E43451C8A75BD0031DDAD /* LearnDKTextFieldUITests */ = {
			isa = PBXGroup;
			children = (
				9A6E43461C8A75BD0031DDAD /* LearnDKTextFieldUITests.m */,
				9A6E43481C8A75BD0031DDAD /* Info.plist */,
			);
			path = LearnDKTextFieldUITests;
			sourceTree = "<group>";
		};
/* End PBXGroup section */

/* Begin PBXNativeTarget section */
		9A6E431D1C8A75BD0031DDAD /* LearnDKTextField */ = {
			isa = PBXNativeTarget;
			buildConfigurationList = 9A6E434B1C8A75BD0031DDAD /* Build configuration list for PBXNativeTarget "LearnDKTextField" */;
			buildPhases = (
				9A6E431A1C8A75BD0031DDAD /* Sources */,
				9A6E431B1C8A75BD0031DDAD /* Frameworks */,
				9A6E431C1C8A75BD0031DDAD /* Resources */,
			);
			buildRules = (
			);
			dependencies = (
			);
			name = LearnDKTextField;
			productName = LearnDKTextField;
			productReference = 9A6E431E1C8A75BD0031DDAD /* LearnDKTextField.app */;
			productType = "com.apple.product-type.application";
		};
		9A6E43361C8A75BD0031DDAD /* LearnDKTextFieldTests */ = {
			isa = PBXNativeTarget;
			buildConfigurationList = 9A6E434E1C8A75BD0031DDAD /* Build configuration list for PBXNativeTarget "LearnDKTextFieldTests" */;
			buildPhases = (
				9A6E43331C8A75BD0031DDAD /* Sources */,
				9A6E43341C8A75BD0031DDAD /* Frameworks */,
				9A6E43351C8A75BD0031DDAD /* Resources */,
			);
			buildRules = (
			);
			dependencies = (
				9A6E43391C8A75BD0031DDAD /* PBXTargetDependency */,
			);
			name = LearnDKTextFieldTests;
			productName = LearnDKTextFieldTests;
			productReference = 9A6E43371C8A75BD0031DDAD /* LearnDKTextFieldTests.xctest */;
			productType = "com.apple.product-type.bundle.unit-test";
		};
		9A6E43411C8A75BD0031DDAD /* LearnDKTextFieldUITests */ = {
			isa = PBXNativeTarget;
			buildConfigurationList = 9A6E43511C8A75BD0031DDAD /* Build configuration list for PBXNativeTarget "LearnDKTextFieldUITests" */;
			buildPhases = (
				9A6E433E1C8A75BD0031DDAD /* Sources */,
				9A6E433F1C8A75BD0031DDAD /* Frameworks */,
				9A6E43401C8A75BD0031DDAD /* Resources */,
			);
			buildRules = (
			);
			dependencies = (
				9A6E43441C8A75BD0031DDAD /* PBXTargetDependency */,
			);
			name = LearnDKTextFieldUITests;
			productName = LearnDKTextFieldUITests;
			productReference = 9A6E43421C8A75BD0031DDAD /* LearnDKTextFieldUITests.xctest */;
			productType = "com.apple.product-type.bundle.ui-testing";
		};
/* End PBXNativeTarget section */

/* Begin PBXProject section */
		9A6E43161C8A75BD0031DDAD /* Project object */ = {
			isa = PBXProject;
			attributes = {
				LastUpgradeCheck = 0720;
				ORGANIZATIONNAME = YaoxinZhuo;
				TargetAttributes = {
					9A6E431D1C8A75BD0031DDAD = {
						CreatedOnToolsVersion = 7.2.1;
					};
					9A6E43361C8A75BD0031DDAD = {
						CreatedOnToolsVersion = 7.2.1;
						TestTargetID = 9A6E431D1C8A75BD0031DDAD;
					};
					9A6E43411C8A75BD0031DDAD = {
						CreatedOnToolsVersion = 7.2.1;
						TestTargetID = 9A6E431D1C8A75BD0031DDAD;
					};
				};
			};
			buildConfigurationList = 9A6E43191C8A75BD0031DDAD /* Build configuration list for PBXProject "LearnDKTextField" */;
			compatibilityVersion = "Xcode 3.2";
			developmentRegion = English;
			hasScannedForEncodings = 0;
			knownRegions = (
				en,
				Base,
			);
			mainGroup = 9A6E43151C8A75BD0031DDAD;
			productRefGroup = 9A6E431F1C8A75BD0031DDAD /* Products */;
			projectDirPath = "";
			projectReferences = (
				{
					ProductGroup = 9A2512901C8A82FF00A65867 /* Products */;
					ProjectRef = 9A25128F1C8A82FF00A65867 /* DKTextField.xcodeproj */;
				},
			);
			projectRoot = "";
			targets = (
				9A6E431D1C8A75BD0031DDAD /* LearnDKTextField */,
				9A6E43361C8A75BD0031DDAD /* LearnDKTextFieldTests */,
				9A6E43411C8A75BD0031DDAD /* LearnDKTextFieldUITests */,
			);
		};
/* End PBXProject section */

/* Begin PBXReferenceProxy section */
		9A25129C1C8A82FF00A65867 /* DKTextField.app */ = {
			isa = PBXReferenceProxy;
			fileType = wrapper.application;
			path = DKTextField.app;
			remoteRef = 9A25129B1C8A82FF00A65867 /* PBXContainerItemProxy */;
			sourceTree = BUILT_PRODUCTS_DIR;
		};
		9A25129E1C8A82FF00A65867 /* DKTextFieldTests.xctest */ = {
			isa = PBXReferenceProxy;
			fileType = wrapper.cfbundle;
			path = DKTextFieldTests.xctest;
			remoteRef = 9A25129D1C8A82FF00A65867 /* PBXContainerItemProxy */;
			sourceTree = BUILT_PRODUCTS_DIR;
		};
/* End PBXReferenceProxy section */

/* Begin PBXResourcesBuildPhase section */
		9A6E431C1C8A75BD0031DDAD /* Resources */ = {
			isa = PBXResourcesBuildPhase;
			buildActionMask = 2147483647;
			files = (
				9A6E43311C8A75BD0031DDAD /* LaunchScreen.storyboard in Resources */,
				9A2512971C8A82FF00A65867 /* intro1.gif in Resources */,
				9A6E432E1C8A75BD0031DDAD /* Assets.xcassets in Resources */,
				9A6E432C1C8A75BD0031DDAD /* Main.storyboard in Resources */,
				9A2512961C8A82FF00A65867 /* DKTextFieldTests in Resources */,
				9A2512951C8A82FF00A65867 /* DKTextField in Resources */,
			);
			runOnlyForDeploymentPostprocessing = 0;
		};
		9A6E43351C8A75BD0031DDAD /* Resources */ = {
			isa = PBXResourcesBuildPhase;
			buildActionMask = 2147483647;
			files = (
			);
			runOnlyForDeploymentPostprocessing = 0;
		};
		9A6E43401C8A75BD0031DDAD /* Resources */ = {
			isa = PBXResourcesBuildPhase;
			buildActionMask = 2147483647;
			files = (
			);
			runOnlyForDeploymentPostprocessing = 0;
		};
/* End PBXResourcesBuildPhase section */

/* Begin PBXSourcesBuildPhase section */
		9A6E431A1C8A75BD0031DDAD /* Sources */ = {
			isa = PBXSourcesBuildPhase;
			buildActionMask = 2147483647;
			files = (
				9A6E43291C8A75BD0031DDAD /* ViewController.m in Sources */,
				9A6E43261C8A75BD0031DDAD /* AppDelegate.m in Sources */,
				9A2512981C8A82FF00A65867 /* README.md in Sources */,
				9A6E43231C8A75BD0031DDAD /* main.m in Sources */,
			);
			runOnlyForDeploymentPostprocessing = 0;
		};
		9A6E43331C8A75BD0031DDAD /* Sources */ = {
			isa = PBXSourcesBuildPhase;
			buildActionMask = 2147483647;
			files = (
				9A6E433C1C8A75BD0031DDAD /* LearnDKTextFieldTests.m in Sources */,
			);
			runOnlyForDeploymentPostprocessing = 0;
		};
		9A6E433E1C8A75BD0031DDAD /* Sources */ = {
			isa = PBXSourcesBuildPhase;
			buildActionMask = 2147483647;
			files = (
				9A6E43471C8A75BD0031DDAD /* LearnDKTextFieldUITests.m in Sources */,
			);
			runOnlyForDeploymentPostprocessing = 0;
		};
/* End PBXSourcesBuildPhase section */

/* Begin PBXTargetDependency section */
		9A6E43391C8A75BD0031DDAD /* PBXTargetDependency */ = {
			isa = PBXTargetDependency;
			target = 9A6E431D1C8A75BD0031DDAD /* LearnDKTextField */;
			targetProxy = 9A6E43381C8A75BD0031DDAD /* PBXContainerItemProxy */;
		};
		9A6E43441C8A75BD0031DDAD /* PBXTargetDependency */ = {
			isa = PBXTargetDependency;
			target = 9A6E431D1C8A75BD0031DDAD /* LearnDKTextField */;
			targetProxy = 9A6E43431C8A75BD0031DDAD /* PBXContainerItemProxy */;
		};
/* End PBXTargetDependency section */

/* Begin PBXVariantGroup section */
		9A6E432A1C8A75BD0031DDAD /* Main.storyboard */ = {
			isa = PBXVariantGroup;
			children = (
				9A6E432B1C8A75BD0031DDAD /* Base */,
			);
			name = Main.storyboard;
			sourceTree = "<group>";
		};
		9A6E432F1C8A75BD0031DDAD /* LaunchScreen.storyboard */ = {
			isa = PBXVariantGroup;
			children = (
				9A6E43301C8A75BD0031DDAD /* Base */,
			);
			name = LaunchScreen.storyboard;
			sourceTree = "<group>";
		};
/* End PBXVariantGroup section */

/* Begin XCBuildConfiguration section */
		9A6E43491C8A75BD0031DDAD /* Debug */ = {
			isa = XCBuildConfiguration;
			buildSettings = {
				ALWAYS_SEARCH_USER_PATHS = YES;
				CLANG_CXX_LANGUAGE_STANDARD = "gnu++0x";
				CLANG_CXX_LIBRARY = "libc++";
				CLANG_ENABLE_MODULES = YES;
				CLANG_ENABLE_OBJC_ARC = YES;
				CLANG_WARN_BOOL_CONVERSION = YES;
				CLANG_WARN_CONSTANT_CONVERSION = YES;
				CLANG_WARN_DIRECT_OBJC_ISA_USAGE = YES_ERROR;
				CLANG_WARN_EMPTY_BODY = YES;
				CLANG_WARN_ENUM_CONVERSION = YES;
				CLANG_WARN_INT_CONVERSION = YES;
				CLANG_WARN_OBJC_ROOT_CLASS = YES_ERROR;
				CLANG_WARN_UNREACHABLE_CODE = YES;
				CLANG_WARN__DUPLICATE_METHOD_MATCH = YES;
				"CODE_SIGN_IDENTITY[sdk=iphoneos*]" = "iPhone Developer";
				COPY_PHASE_STRIP = NO;
				DEBUG_INFORMATION_FORMAT = dwarf;
				ENABLE_STRICT_OBJC_MSGSEND = YES;
				ENABLE_TESTABILITY = YES;
				GCC_C_LANGUAGE_STANDARD = gnu99;
				GCC_DYNAMIC_NO_PIC = NO;
				GCC_NO_COMMON_BLOCKS = YES;
				GCC_OPTIMIZATION_LEVEL = 0;
				GCC_PREPROCESSOR_DEFINITIONS = (
					"DEBUG=1",
					"$(inherited)",
				);
				GCC_WARN_64_TO_32_BIT_CONVERSION = YES;
				GCC_WARN_ABOUT_RETURN_TYPE = YES_ERROR;
				GCC_WARN_UNDECLARED_SELECTOR = YES;
				GCC_WARN_UNINITIALIZED_AUTOS = YES_AGGRESSIVE;
				GCC_WARN_UNUSED_FUNCTION = YES;
				GCC_WARN_UNUSED_VARIABLE = YES;
				IPHONEOS_DEPLOYMENT_TARGET = 9.2;
				MTL_ENABLE_DEBUG_INFO = YES;
				ONLY_ACTIVE_ARCH = YES;
				SDKROOT = iphoneos;
			};
			name = Debug;
		};
		9A6E434A1C8A75BD0031DDAD /* Release */ = {
			isa = XCBuildConfiguration;
			buildSettings = {
				ALWAYS_SEARCH_USER_PATHS = YES;
				CLANG_CXX_LANGUAGE_STANDARD = "gnu++0x";
				CLANG_CXX_LIBRARY = "libc++";
				CLANG_ENABLE_MODULES = YES;
				CLANG_ENABLE_OBJC_ARC = YES;
				CLANG_WARN_BOOL_CONVERSION = YES;
				CLANG_WARN_CONSTANT_CONVERSION = YES;
				CLANG_WARN_DIRECT_OBJC_ISA_USAGE = YES_ERROR;
				CLANG_WARN_EMPTY_BODY = YES;
				CLANG_WARN_ENUM_CONVERSION = YES;
				CLANG_WARN_INT_CONVERSION = YES;
				CLANG_WARN_OBJC_ROOT_CLASS = YES_ERROR;
				CLANG_WARN_UNREACHABLE_CODE = YES;
				CLANG_WARN__DUPLICATE_METHOD_MATCH = YES;
				"CODE_SIGN_IDENTITY[sdk=iphoneos*]" = "iPhone Developer";
				COPY_PHASE_STRIP = NO;
				DEBUG_INFORMATION_FORMAT = "dwarf-with-dsym";
				ENABLE_NS_ASSERTIONS = NO;
				ENABLE_STRICT_OBJC_MSGSEND = YES;
				GCC_C_LANGUAGE_STANDARD = gnu99;
				GCC_NO_COMMON_BLOCKS = YES;
				GCC_WARN_64_TO_32_BIT_CONVERSION = YES;
				GCC_WARN_ABOUT_RETURN_TYPE = YES_ERROR;
				GCC_WARN_UNDECLARED_SELECTOR = YES;
				GCC_WARN_UNINITIALIZED_AUTOS = YES_AGGRESSIVE;
				GCC_WARN_UNUSED_FUNCTION = YES;
				GCC_WARN_UNUSED_VARIABLE = YES;
				IPHONEOS_DEPLOYMENT_TARGET = 9.2;
				MTL_ENABLE_DEBUG_INFO = NO;
				SDKROOT = iphoneos;
				VALIDATE_PRODUCT = YES;
			};
			name = Release;
		};
		9A6E434C1C8A75BD0031DDAD /* Debug */ = {
			isa = XCBuildConfiguration;
			buildSettings = {
				ALWAYS_SEARCH_USER_PATHS = YES;
				ASSETCATALOG_COMPILER_APPICON_NAME = AppIcon;
				GCC_USE_STANDARD_INCLUDE_SEARCHING = YES;
				INFOPLIST_FILE = LearnDKTextField/Info.plist;
				LD_RUNPATH_SEARCH_PATHS = "$(inherited) @executable_path/Frameworks";
				PRODUCT_BUNDLE_IDENTIFIER = YaoxinZhuo.LearnDKTextField;
				PRODUCT_NAME = "$(TARGET_NAME)";
			};
			name = Debug;
		};
		9A6E434D1C8A75BD0031DDAD /* Release */ = {
			isa = XCBuildConfiguration;
			buildSettings = {
				ALWAYS_SEARCH_USER_PATHS = YES;
				ASSETCATALOG_COMPILER_APPICON_NAME = AppIcon;
				GCC_USE_STANDARD_INCLUDE_SEARCHING = YES;
				INFOPLIST_FILE = LearnDKTextField/Info.plist;
				LD_RUNPATH_SEARCH_PATHS = "$(inherited) @executable_path/Frameworks";
				PRODUCT_BUNDLE_IDENTIFIER = YaoxinZhuo.LearnDKTextField;
				PRODUCT_NAME = "$(TARGET_NAME)";
			};
			name = Release;
		};
		9A6E434F1C8A75BD0031DDAD /* Debug */ = {
			isa = XCBuildConfiguration;
			buildSettings = {
				BUNDLE_LOADER = "$(TEST_HOST)";
				INFOPLIST_FILE = LearnDKTextFieldTests/Info.plist;
				LD_RUNPATH_SEARCH_PATHS = "$(inherited) @executable_path/Frameworks @loader_path/Frameworks";
				PRODUCT_BUNDLE_IDENTIFIER = YaoxinZhuo.LearnDKTextFieldTests;
				PRODUCT_NAME = "$(TARGET_NAME)";
				TEST_HOST = "$(BUILT_PRODUCTS_DIR)/LearnDKTextField.app/LearnDKTextField";
			};
			name = Debug;
		};
		9A6E43501C8A75BD0031DDAD /* Release */ = {
			isa = XCBuildConfiguration;
			buildSettings = {
				BUNDLE_LOADER = "$(TEST_HOST)";
				INFOPLIST_FILE = LearnDKTextFieldTests/Info.plist;
				LD_RUNPATH_SEARCH_PATHS = "$(inherited) @executable_path/Frameworks @loader_path/Frameworks";
				PRODUCT_BUNDLE_IDENTIFIER = YaoxinZhuo.LearnDKTextFieldTests;
				PRODUCT_NAME = "$(TARGET_NAME)";
				TEST_HOST = "$(BUILT_PRODUCTS_DIR)/LearnDKTextField.app/LearnDKTextField";
			};
			name = Release;
		};
		9A6E43521C8A75BD0031DDAD /* Debug */ = {
			isa = XCBuildConfiguration;
			buildSettings = {
				INFOPLIST_FILE = LearnDKTextFieldUITests/Info.plist;
				LD_RUNPATH_SEARCH_PATHS = "$(inherited) @executable_path/Frameworks @loader_path/Frameworks";
				PRODUCT_BUNDLE_IDENTIFIER = YaoxinZhuo.LearnDKTextFieldUITests;
				PRODUCT_NAME = "$(TARGET_NAME)";
				TEST_TARGET_NAME = LearnDKTextField;
				USES_XCTRUNNER = YES;
			};
			name = Debug;
		};
		9A6E43531C8A75BD0031DDAD /* Release */ = {
			isa = XCBuildConfiguration;
			buildSettings = {
				INFOPLIST_FILE = LearnDKTextFieldUITests/Info.plist;
				LD_RUNPATH_SEARCH_PATHS = "$(inherited) @executable_path/Frameworks @loader_path/Frameworks";
				PRODUCT_BUNDLE_IDENTIFIER = YaoxinZhuo.LearnDKTextFieldUITests;
				PRODUCT_NAME = "$(TARGET_NAME)";
				TEST_TARGET_NAME = LearnDKTextField;
				USES_XCTRUNNER = YES;
			};
			name = Release;
		};
/* End XCBuildConfiguration section */

/* Begin XCConfigurationList section */
		9A6E43191C8A75BD0031DDAD /* Build configuration list for PBXProject "LearnDKTextField" */ = {
			isa = XCConfigurationList;
			buildConfigurations = (
				9A6E43491C8A75BD0031DDAD /* Debug */,
				9A6E434A1C8A75BD0031DDAD /* Release */,
			);
			defaultConfigurationIsVisible = 0;
			defaultConfigurationName = Release;
		};
		9A6E434B1C8A75BD0031DDAD /* Build configuration list for PBXNativeTarget "LearnDKTextField" */ = {
			isa = XCConfigurationList;
			buildConfigurations = (
				9A6E434C1C8A75BD0031DDAD /* Debug */,
				9A6E434D1C8A75BD0031DDAD /* Release */,
			);
			defaultConfigurationIsVisible = 0;
			defaultConfigurationName = Release;
		};
		9A6E434E1C8A75BD0031DDAD /* Build configuration list for PBXNativeTarget "LearnDKTextFieldTests" */ = {
			isa = XCConfigurationList;
			buildConfigurations = (
				9A6E434F1C8A75BD0031DDAD /* Debug */,
				9A6E43501C8A75BD0031DDAD /* Release */,
			);
			defaultConfigurationIsVisible = 0;
			defaultConfigurationName = Release;
		};
		9A6E43511C8A75BD0031DDAD /* Build configuration list for PBXNativeTarget "LearnDKTextFieldUITests" */ = {
			isa = XCConfigurationList;
			buildConfigurations = (
				9A6E43521C8A75BD0031DDAD /* Debug */,
				9A6E43531C8A75BD0031DDAD /* Release */,
			);
			defaultConfigurationIsVisible = 0;
			defaultConfigurationName = Release;
		};
/* End XCConfigurationList section */
	};
	rootObject = 9A6E43161C8A75BD0031DDAD /* Project object */;
}
