// !$*UTF8*$!
{
	archiveVersion = 1;
	classes = {
	};
	objectVersion = 46;
	objects = {

/* Begin PBXBuildFile section */
		9AE27ABE1D6063C2004B4ECC /* AppDelegate.swift in Sources */ = {isa = PBXBuildFile; fileRef = 9AE27ABD1D6063C2004B4ECC /* AppDelegate.swift */; };
		9AE27AC01D6063C2004B4ECC /* ViewController.swift in Sources */ = {isa = PBXBuildFile; fileRef = 9AE27ABF1D6063C2004B4ECC /* ViewController.swift */; };
		9AE27AC31D6063C2004B4ECC /* Main.storyboard in Resources */ = {isa = PBXBuildFile; fileRef = 9AE27AC11D6063C2004B4ECC /* Main.storyboard */; };
		9AE27AC51D6063C2004B4ECC /* Assets.xcassets in Resources */ = {isa = PBXBuildFile; fileRef = 9AE27AC41D6063C2004B4ECC /* Assets.xcassets */; };
		9AE27AC81D6063C2004B4ECC /* LaunchScreen.storyboard in Resources */ = {isa = PBXBuildFile; fileRef = 9AE27AC61D6063C2004B4ECC /* LaunchScreen.storyboard */; };
/* End PBXBuildFile section */

/* Begin PBXFileReference section */
		9AE27ABA1D6063C2004B4ECC /* myCalculator.app */ = {isa = PBXFileReference; explicitFileType = wrapper.application; includeInIndex = 0; path = myCalculator.app; sourceTree = BUILT_PRODUCTS_DIR; };
		9AE27ABD1D6063C2004B4ECC /* AppDelegate.swift */ = {isa = PBXFileReference; lastKnownFileType = sourcecode.swift; path = AppDelegate.swift; sourceTree = "<group>"; };
		9AE27ABF1D6063C2004B4ECC /* ViewController.swift */ = {isa = PBXFileReference; lastKnownFileType = sourcecode.swift; path = ViewController.swift; sourceTree = "<group>"; };
		9AE27AC21D6063C2004B4ECC /* Base */ = {isa = PBXFileReference; lastKnownFileType = file.storyboard; name = Base; path = Base.lproj/Main.storyboard; sourceTree = "<group>"; };
		9AE27AC41D6063C2004B4ECC /* Assets.xcassets */ = {isa = PBXFileReference; lastKnownFileType = folder.assetcatalog; path = Assets.xcassets; sourceTree = "<group>"; };
		9AE27AC71D6063C2004B4ECC /* Base */ = {isa = PBXFileReference; lastKnownFileType = file.storyboard; name = Base; path = Base.lproj/LaunchScreen.storyboard; sourceTree = "<group>"; };
		9AE27AC91D6063C2004B4ECC /* Info.plist */ = {isa = PBXFileReference; lastKnownFileType = text.plist.xml; path = Info.plist; sourceTree = "<group>"; };
/* End PBXFileReference section */

/* Begin PBXFrameworksBuildPhase section */
		9AE27AB71D6063C1004B4ECC /* Frameworks */ = {
			isa = PBXFrameworksBuildPhase;
			buildActionMask = 2147483647;
			files = (
			);
			runOnlyForDeploymentPostprocessing = 0;
		};
/* End PBXFrameworksBuildPhase section */

/* Begin PBXGroup section */
		9AE27AB11D6063C1004B4ECC = {
			isa = PBXGroup;
			children = (
				9AE27ABC1D6063C2004B4ECC /* myCalculator */,
				9AE27ABB1D6063C2004B4ECC /* Products */,
			);
			sourceTree = "<group>";
		};
		9AE27ABB1D6063C2004B4ECC /* Products */ = {
			isa = PBXGroup;
			children = (
				9AE27ABA1D6063C2004B4ECC /* myCalculator.app */,
			);
			name = Products;
			sourceTree = "<group>";
		};
		9AE27ABC1D6063C2004B4ECC /* myCalculator */ = {
			isa = PBXGroup;
			children = (
				9AE27ABF1D6063C2004B4ECC /* ViewController.swift */,
				9AE27AC11D6063C2004B4ECC /* Main.storyboard */,
				9AE27ACF1D606847004B4ECC /* Supporting Files */,
			);
			path = myCalculator;
			sourceTree = "<group>";
		};
		9AE27ACF1D606847004B4ECC /* Supporting Files */ = {
			isa = PBXGroup;
			children = (
				9AE27ABD1D6063C2004B4ECC /* AppDelegate.swift */,
				9AE27AC41D6063C2004B4ECC /* Assets.xcassets */,
				9AE27AC61D6063C2004B4ECC /* LaunchScreen.storyboard */,
				9AE27AC91D6063C2004B4ECC /* Info.plist */,
			);
			name = "Supporting Files";
			sourceTree = "<group>";
		};
/* End PBXGroup section */

/* Begin PBXNativeTarget section */
		9AE27AB91D6063C1004B4ECC /* myCalculator */ = {
			isa = PBXNativeTarget;
			buildConfigurationList = 9AE27ACC1D6063C2004B4ECC /* Build configuration list for PBXNativeTarget "myCalculator" */;
			buildPhases = (
				9AE27AB61D6063C1004B4ECC /* Sources */,
				9AE27AB71D6063C1004B4ECC /* Frameworks */,
				9AE27AB81D6063C1004B4ECC /* Resources */,
			);
			buildRules = (
			);
			dependencies = (
			);
			name = myCalculator;
			productName = myCalculator;
			productReference = 9AE27ABA1D6063C2004B4ECC /* myCalculator.app */;
			productType = "com.apple.product-type.application";
		};
/* End PBXNativeTarget section */

/* Begin PBXProject section */
		9AE27AB21D6063C1004B4ECC /* Project object */ = {
			isa = PBXProject;
			attributes = {
				LastSwiftUpdateCheck = 0730;
				LastUpgradeCheck = 0730;
				ORGANIZATIONNAME = YaoxinZhuo;
				TargetAttributes = {
					9AE27AB91D6063C1004B4ECC = {
						CreatedOnToolsVersion = 7.3;
						DevelopmentTeam = P924K6R9PP;
					};
				};
			};
			buildConfigurationList = 9AE27AB51D6063C1004B4ECC /* Build configuration list for PBXProject "myCalculator" */;
			compatibilityVersion = "Xcode 3.2";
			developmentRegion = English;
			hasScannedForEncodings = 0;
			knownRegions = (
				en,
				Base,
			);
			mainGroup = 9AE27AB11D6063C1004B4ECC;
			productRefGroup = 9AE27ABB1D6063C2004B4ECC /* Products */;
			projectDirPath = "";
			projectRoot = "";
			targets = (
				9AE27AB91D6063C1004B4ECC /* myCalculator */,
			);
		};
/* End PBXProject section */

/* Begin PBXResourcesBuildPhase section */
		9AE27AB81D6063C1004B4ECC /* Resources */ = {
			isa = PBXResourcesBuildPhase;
			buildActionMask = 2147483647;
			files = (
				9AE27AC81D6063C2004B4ECC /* LaunchScreen.storyboard in Resources */,
				9AE27AC51D6063C2004B4ECC /* Assets.xcassets in Resources */,
				9AE27AC31D6063C2004B4ECC /* Main.storyboard in Resources */,
			);
			runOnlyForDeploymentPostprocessing = 0;
		};
/* End PBXResourcesBuildPhase section */

/* Begin PBXSourcesBuildPhase section */
		9AE27AB61D6063C1004B4ECC /* Sources */ = {
			isa = PBXSourcesBuildPhase;
			buildActionMask = 2147483647;
			files = (
				9AE27AC01D6063C2004B4ECC /* ViewController.swift in Sources */,
				9AE27ABE1D6063C2004B4ECC /* AppDelegate.swift in Sources */,
			);
			runOnlyForDeploymentPostprocessing = 0;
		};
/* End PBXSourcesBuildPhase section */

/* Begin PBXVariantGroup section */
		9AE27AC11D6063C2004B4ECC /* Main.storyboard */ = {
			isa = PBXVariantGroup;
			children = (
				9AE27AC21D6063C2004B4ECC /* Base */,
			);
			name = Main.storyboard;
			sourceTree = "<group>";
		};
		9AE27AC61D6063C2004B4ECC /* LaunchScreen.storyboard */ = {
			isa = PBXVariantGroup;
			children = (
				9AE27AC71D6063C2004B4ECC /* Base */,
			);
			name = LaunchScreen.storyboard;
			sourceTree = "<group>";
		};
/* End PBXVariantGroup section */

/* Begin XCBuildConfiguration section */
		9AE27ACA1D6063C2004B4ECC /* Debug */ = {
			isa = XCBuildConfiguration;
			buildSettings = {
				ALWAYS_SEARCH_USER_PATHS = NO;
				CLANG_ANALYZER_NONNULL = YES;
				CLANG_CXX_LANGUAGE_STANDARD = "gnu++0x";
				CLANG_CXX_LIBRARY = "libc++";
				CLANG_ENABLE_MODULES = YES;
				CLANG_ENABLE_OBJC_ARC = YES;
				CLANG_WARN_BOOL_CONVERSION = YES;
				CLANG_WARN_CONSTANT_CONVERSION = YES;
				CLANG_WARN_DIRECT_OBJC_ISA_USAGE = YES_ERROR;
				CLANG_WARN_EMPTY_BODY = YES;
				CLANG_WARN_ENUM_CONVERSION = YES;
				CLANG_WARN_INT_CONVERSION = YES;
				CLANG_WARN_OBJC_ROOT_CLASS = YES_ERROR;
				CLANG_WARN_UNREACHABLE_CODE = YES;
				CLANG_WARN__DUPLICATE_METHOD_MATCH = YES;
				"CODE_SIGN_IDENTITY[sdk=iphoneos*]" = "iPhone Developer";
				COPY_PHASE_STRIP = NO;
				DEBUG_INFORMATION_FORMAT = dwarf;
				ENABLE_STRICT_OBJC_MSGSEND = YES;
				ENABLE_TESTABILITY = YES;
				GCC_C_LANGUAGE_STANDARD = gnu99;
				GCC_DYNAMIC_NO_PIC = NO;
				GCC_NO_COMMON_BLOCKS = YES;
				GCC_OPTIMIZATION_LEVEL = 0;
				GCC_PREPROCESSOR_DEFINITIONS = (
					"DEBUG=1",
					"$(inherited)",
				);
				GCC_WARN_64_TO_32_BIT_CONVERSION = YES;
				GCC_WARN_ABOUT_RETURN_TYPE = YES_ERROR;
				GCC_WARN_UNDECLARED_SELECTOR = YES;
				GCC_WARN_UNINITIALIZED_AUTOS = YES_AGGRESSIVE;
				GCC_WARN_UNUSED_FUNCTION = YES;
				GCC_WARN_UNUSED_VARIABLE = YES;
				IPHONEOS_DEPLOYMENT_TARGET = 9.3;
				MTL_ENABLE_DEBUG_INFO = YES;
				ONLY_ACTIVE_ARCH = YES;
				SDKROOT = iphoneos;
				SWIFT_OPTIMIZATION_LEVEL = "-Onone";
				TARGETED_DEVICE_FAMILY = "1,2";
			};
			name = Debug;
		};
		9AE27ACB1D6063C2004B4ECC /* Release */ = {
			isa = XCBuildConfiguration;
			buildSettings = {
				ALWAYS_SEARCH_USER_PATHS = NO;
				CLANG_ANALYZER_NONNULL = YES;
				CLANG_CXX_LANGUAGE_STANDARD = "gnu++0x";
				CLANG_CXX_LIBRARY = "libc++";
				CLANG_ENABLE_MODULES = YES;
				CLANG_ENABLE_OBJC_ARC = YES;
				CLANG_WARN_BOOL_CONVERSION = YES;
				CLANG_WARN_CONSTANT_CONVERSION = YES;
				CLANG_WARN_DIRECT_OBJC_ISA_USAGE = YES_ERROR;
				CLANG_WARN_EMPTY_BODY = YES;
				CLANG_WARN_ENUM_CONVERSION = YES;
				CLANG_WARN_INT_CONVERSION = YES;
				CLANG_WARN_OBJC_ROOT_CLASS = YES_ERROR;
				CLANG_WARN_UNREACHABLE_CODE = YES;
				CLANG_WARN__DUPLICATE_METHOD_MATCH = YES;
				"CODE_SIGN_IDENTITY[sdk=iphoneos*]" = "iPhone Developer";
				COPY_PHASE_STRIP = NO;
				DEBUG_INFORMATION_FORMAT = "dwarf-with-dsym";
				ENABLE_NS_ASSERTIONS = NO;
				ENABLE_STRICT_OBJC_MSGSEND = YES;
				GCC_C_LANGUAGE_STANDARD = gnu99;
				GCC_NO_COMMON_BLOCKS = YES;
				GCC_WARN_64_TO_32_BIT_CONVERSION = YES;
				GCC_WARN_ABOUT_RETURN_TYPE = YES_ERROR;
				GCC_WARN_UNDECLARED_SELECTOR = YES;
				GCC_WARN_UNINITIALIZED_AUTOS = YES_AGGRESSIVE;
				GCC_WARN_UNUSED_FUNCTION = YES;
				GCC_WARN_UNUSED_VARIABLE = YES;
				IPHONEOS_DEPLOYMENT_TARGET = 9.3;
				MTL_ENABLE_DEBUG_INFO = NO;
				SDKROOT = iphoneos;
				TARGETED_DEVICE_FAMILY = "1,2";
				VALIDATE_PRODUCT = YES;
			};
			name = Release;
		};
		9AE27ACD1D6063C2004B4ECC /* Debug */ = {
			isa = XCBuildConfiguration;
			buildSettings = {
				ASSETCATALOG_COMPILER_APPICON_NAME = AppIcon;
				CODE_SIGN_IDENTITY = "iPhone Developer";
				INFOPLIST_FILE = myCalculator/Info.plist;
				LD_RUNPATH_SEARCH_PATHS = "$(inherited) @executable_path/Frameworks";
				PRODUCT_BUNDLE_IDENTIFIER = YaoxinZhuo.HDU.myCalculator;
				PRODUCT_NAME = "$(TARGET_NAME)";
			};
			name = Debug;
		};
		9AE27ACE1D6063C2004B4ECC /* Release */ = {
			isa = XCBuildConfiguration;
			buildSettings = {
				ASSETCATALOG_COMPILER_APPICON_NAME = AppIcon;
				CODE_SIGN_IDENTITY = "iPhone Developer";
				INFOPLIST_FILE = myCalculator/Info.plist;
				LD_RUNPATH_SEARCH_PATHS = "$(inherited) @executable_path/Frameworks";
				PRODUCT_BUNDLE_IDENTIFIER = YaoxinZhuo.HDU.myCalculator;
				PRODUCT_NAME = "$(TARGET_NAME)";
			};
			name = Release;
		};
/* End XCBuildConfiguration section */

/* Begin XCConfigurationList section */
		9AE27AB51D6063C1004B4ECC /* Build configuration list for PBXProject "myCalculator" */ = {
			isa = XCConfigurationList;
			buildConfigurations = (
				9AE27ACA1D6063C2004B4ECC /* Debug */,
				9AE27ACB1D6063C2004B4ECC /* Release */,
			);
			defaultConfigurationIsVisible = 0;
			defaultConfigurationName = Release;
		};
		9AE27ACC1D6063C2004B4ECC /* Build configuration list for PBXNativeTarget "myCalculator" */ = {
			isa = XCConfigurationList;
			buildConfigurations = (
				9AE27ACD1D6063C2004B4ECC /* Debug */,
				9AE27ACE1D6063C2004B4ECC /* Release */,
			);
			defaultConfigurationIsVisible = 0;
		};
/* End XCConfigurationList section */
	};
	rootObject = 9AE27AB21D6063C1004B4ECC /* Project object */;
}
