// !$*UTF8*$!
{
	archiveVersion = 1;
	classes = {
	};
	objectVersion = 46;
	objects = {

/* Begin PBXBuildFile section */
		9A40E0AF1CC3A226004E416A /* main.m in Sources */ = {isa = PBXBuildFile; fileRef = 9A40E0AE1CC3A226004E416A /* main.m */; };
/* End PBXBuildFile section */

/* Begin PBXCopyFilesBuildPhase section */
		9A40E0A91CC3A226004E416A /* CopyFiles */ = {
			isa = PBXCopyFilesBuildPhase;
			buildActionMask = 2147483647;
			dstPath = /usr/share/man/man1/;
			dstSubfolderSpec = 0;
			files = (
			);
			runOnlyForDeploymentPostprocessing = 1;
		};
/* End PBXCopyFilesBuildPhase section */

/* Begin PBXFileReference section */
		9A40E0AB1CC3A226004E416A /* Algorithm_homework2_thirdmethod */ = {isa = PBXFileReference; explicitFileType = "compiled.mach-o.executable"; includeInIndex = 0; path = Algorithm_homework2_thirdmethod; sourceTree = BUILT_PRODUCTS_DIR; };
		9A40E0AE1CC3A226004E416A /* main.m */ = {isa = PBXFileReference; lastKnownFileType = sourcecode.c.objc; path = main.m; sourceTree = "<group>"; };
/* End PBXFileReference section */

/* Begin PBXFrameworksBuildPhase section */
		9A40E0A81CC3A226004E416A /* Frameworks */ = {
			isa = PBXFrameworksBuildPhase;
			buildActionMask = 2147483647;
			files = (
			);
			runOnlyForDeploymentPostprocessing = 0;
		};
/* End PBXFrameworksBuildPhase section */

/* Begin PBXGroup section */
		9A40E0A21CC3A226004E416A = {
			isa = PBXGroup;
			children = (
				9A40E0AD1CC3A226004E416A /* Algorithm_homework2_thirdmethod */,
				9A40E0AC1CC3A226004E416A /* Products */,
			);
			sourceTree = "<group>";
		};
		9A40E0AC1CC3A226004E416A /* Products */ = {
			isa = PBXGroup;
			children = (
				9A40E0AB1CC3A226004E416A /* Algorithm_homework2_thirdmethod */,
			);
			name = Products;
			sourceTree = "<group>";
		};
		9A40E0AD1CC3A226004E416A /* Algorithm_homework2_thirdmethod */ = {
			isa = PBXGroup;
			children = (
				9A40E0AE1CC3A226004E416A /* main.m */,
			);
			path = Algorithm_homework2_thirdmethod;
			sourceTree = "<group>";
		};
/* End PBXGroup section */

/* Begin PBXNativeTarget section */
		9A40E0AA1CC3A226004E416A /* Algorithm_homework2_thirdmethod */ = {
			isa = PBXNativeTarget;
			buildConfigurationList = 9A40E0B21CC3A226004E416A /* Build configuration list for PBXNativeTarget "Algorithm_homework2_thirdmethod" */;
			buildPhases = (
				9A40E0A71CC3A226004E416A /* Sources */,
				9A40E0A81CC3A226004E416A /* Frameworks */,
				9A40E0A91CC3A226004E416A /* CopyFiles */,
			);
			buildRules = (
			);
			dependencies = (
			);
			name = Algorithm_homework2_thirdmethod;
			productName = Algorithm_homework2_thirdmethod;
			productReference = 9A40E0AB1CC3A226004E416A /* Algorithm_homework2_thirdmethod */;
			productType = "com.apple.product-type.tool";
		};
/* End PBXNativeTarget section */

/* Begin PBXProject section */
		9A40E0A31CC3A226004E416A /* Project object */ = {
			isa = PBXProject;
			attributes = {
				LastUpgradeCheck = 0730;
				ORGANIZATIONNAME = YaoxinZhuo;
				TargetAttributes = {
					9A40E0AA1CC3A226004E416A = {
						CreatedOnToolsVersion = 7.3;
					};
				};
			};
			buildConfigurationList = 9A40E0A61CC3A226004E416A /* Build configuration list for PBXProject "Algorithm_homework2_thirdmethod" */;
			compatibilityVersion = "Xcode 3.2";
			developmentRegion = English;
			hasScannedForEncodings = 0;
			knownRegions = (
				en,
			);
			mainGroup = 9A40E0A21CC3A226004E416A;
			productRefGroup = 9A40E0AC1CC3A226004E416A /* Products */;
			projectDirPath = "";
			projectRoot = "";
			targets = (
				9A40E0AA1CC3A226004E416A /* Algorithm_homework2_thirdmethod */,
			);
		};
/* End PBXProject section */

/* Begin PBXSourcesBuildPhase section */
		9A40E0A71CC3A226004E416A /* Sources */ = {
			isa = PBXSourcesBuildPhase;
			buildActionMask = 2147483647;
			files = (
				9A40E0AF1CC3A226004E416A /* main.m in Sources */,
			);
			runOnlyForDeploymentPostprocessing = 0;
		};
/* End PBXSourcesBuildPhase section */

/* Begin XCBuildConfiguration section */
		9A40E0B01CC3A226004E416A /* Debug */ = {
			isa = XCBuildConfiguration;
			buildSettings = {
				ALWAYS_SEARCH_USER_PATHS = NO;
				CLANG_ANALYZER_NONNULL = YES;
				CLANG_CXX_LANGUAGE_STANDARD = "gnu++0x";
				CLANG_CXX_LIBRARY = "libc++";
				CLANG_ENABLE_MODULES = YES;
				CLANG_ENABLE_OBJC_ARC = YES;
				CLANG_WARN_BOOL_CONVERSION = YES;
				CLANG_WARN_CONSTANT_CONVERSION = YES;
				CLANG_WARN_DIRECT_OBJC_ISA_USAGE = YES_ERROR;
				CLANG_WARN_EMPTY_BODY = YES;
				CLANG_WARN_ENUM_CONVERSION = YES;
				CLANG_WARN_INT_CONVERSION = YES;
				CLANG_WARN_OBJC_ROOT_CLASS = YES_ERROR;
				CLANG_WARN_UNREACHABLE_CODE = YES;
				CLANG_WARN__DUPLICATE_METHOD_MATCH = YES;
				CODE_SIGN_IDENTITY = "-";
				COPY_PHASE_STRIP = NO;
				DEBUG_INFORMATION_FORMAT = dwarf;
				ENABLE_STRICT_OBJC_MSGSEND = YES;
				ENABLE_TESTABILITY = YES;
				GCC_C_LANGUAGE_STANDARD = gnu99;
				GCC_DYNAMIC_NO_PIC = NO;
				GCC_NO_COMMON_BLOCKS = YES;
				GCC_OPTIMIZATION_LEVEL = 0;
				GCC_PREPROCESSOR_DEFINITIONS = (
					"DEBUG=1",
					"$(inherited)",
				);
				GCC_WARN_64_TO_32_BIT_CONVERSION = YES;
				GCC_WARN_ABOUT_RETURN_TYPE = YES_ERROR;
				GCC_WARN_UNDECLARED_SELECTOR = YES;
				GCC_WARN_UNINITIALIZED_AUTOS = YES_AGGRESSIVE;
				GCC_WARN_UNUSED_FUNCTION = YES;
				GCC_WARN_UNUSED_VARIABLE = YES;
				MACOSX_DEPLOYMENT_TARGET = 10.11;
				MTL_ENABLE_DEBUG_INFO = YES;
				ONLY_ACTIVE_ARCH = YES;
				SDKROOT = macosx;
			};
			name = Debug;
		};
		9A40E0B11CC3A226004E416A /* Release */ = {
			isa = XCBuildConfiguration;
			buildSettings = {
				ALWAYS_SEARCH_USER_PATHS = NO;
				CLANG_ANALYZER_NONNULL = YES;
				CLANG_CXX_LANGUAGE_STANDARD = "gnu++0x";
				CLANG_CXX_LIBRARY = "libc++";
				CLANG_ENABLE_MODULES = YES;
				CLANG_ENABLE_OBJC_ARC = YES;
				CLANG_WARN_BOOL_CONVERSION = YES;
				CLANG_WARN_CONSTANT_CONVERSION = YES;
				CLANG_WARN_DIRECT_OBJC_ISA_USAGE = YES_ERROR;
				CLANG_WARN_EMPTY_BODY = YES;
				CLANG_WARN_ENUM_CONVERSION = YES;
				CLANG_WARN_INT_CONVERSION = YES;
				CLANG_WARN_OBJC_ROOT_CLASS = YES_ERROR;
				CLANG_WARN_UNREACHABLE_CODE = YES;
				CLANG_WARN__DUPLICATE_METHOD_MATCH = YES;
				CODE_SIGN_IDENTITY = "-";
				COPY_PHASE_STRIP = NO;
				DEBUG_INFORMATION_FORMAT = "dwarf-with-dsym";
				ENABLE_NS_ASSERTIONS = NO;
				ENABLE_STRICT_OBJC_MSGSEND = YES;
				GCC_C_LANGUAGE_STANDARD = gnu99;
				GCC_NO_COMMON_BLOCKS = YES;
				GCC_WARN_64_TO_32_BIT_CONVERSION = YES;
				GCC_WARN_ABOUT_RETURN_TYPE = YES_ERROR;
				GCC_WARN_UNDECLARED_SELECTOR = YES;
				GCC_WARN_UNINITIALIZED_AUTOS = YES_AGGRESSIVE;
				GCC_WARN_UNUSED_FUNCTION = YES;
				GCC_WARN_UNUSED_VARIABLE = YES;
				MACOSX_DEPLOYMENT_TARGET = 10.11;
				MTL_ENABLE_DEBUG_INFO = NO;
				SDKROOT = macosx;
			};
			name = Release;
		};
		9A40E0B31CC3A226004E416A /* Debug */ = {
			isa = XCBuildConfiguration;
			buildSettings = {
				PRODUCT_NAME = "$(TARGET_NAME)";
			};
			name = Debug;
		};
		9A40E0B41CC3A226004E416A /* Release */ = {
			isa = XCBuildConfiguration;
			buildSettings = {
				PRODUCT_NAME = "$(TARGET_NAME)";
			};
			name = Release;
		};
/* End XCBuildConfiguration section */

/* Begin XCConfigurationList section */
		9A40E0A61CC3A226004E416A /* Build configuration list for PBXProject "Algorithm_homework2_thirdmethod" */ = {
			isa = XCConfigurationList;
			buildConfigurations = (
				9A40E0B01CC3A226004E416A /* Debug */,
				9A40E0B11CC3A226004E416A /* Release */,
			);
			defaultConfigurationIsVisible = 0;
			defaultConfigurationName = Release;
		};
		9A40E0B21CC3A226004E416A /* Build configuration list for PBXNativeTarget "Algorithm_homework2_thirdmethod" */ = {
			isa = XCConfigurationList;
			buildConfigurations = (
				9A40E0B31CC3A226004E416A /* Debug */,
				9A40E0B41CC3A226004E416A /* Release */,
			);
			defaultConfigurationIsVisible = 0;
		};
/* End XCConfigurationList section */
	};
	rootObject = 9A40E0A31CC3A226004E416A /* Project object */;
}
